#MicroXplorer Configuration settings - do not modify
CORTEX_M33_NS.userName=CORTEX_M33
CortexM33NS.IPs=CORTEX_M33_NS\:I,FILEX\:I,GPDMA1,GTZC_NS\:I,LEVELX\:I,LINKEDLIST,LPDMA1,NETXDUO\:I,PWR,RCC,RTC,SYS\:I,TAMP,THREADX\:I,USBX\:I,NVIC2\:I
CortexM33NS.Pins=PH7
CortexM33S.IPs=CORTEX_M33_S\:I,GPDMA1\:I,GTZC_S\:I,LINKEDLIST\:I,LPDMA1\:I,OTFDEC1\:I,OTFDEC2\:I,PWR\:I,RCC\:I,RTC\:I,SYS_S\:I,TAMP\:I,NVIC1\:I,ICACHE\:I
CortexM33S.Pins=PH6
File.Version=6
GPIO.groupedBy=Group By Peripherals
GTZC_S.IPParameters=MPCBB1_PrivConfig_array,MPCBB2_SecConfig_array,MPCBB2_PrivConfig_array,MPCBB4_SecConfig_array,MPCBB4_PrivConfig_array,MPCBB1_Area_Choice,MPCBB1_SecConfig_array,MPCBB3_Area_Privilege_Choice,MPCBB3_Area_Privilege,MPCBB3_Area_Choice,MPCBB3_SecConfig_array,MPCBB3_Area_Privilege_Size
GTZC_S.MPCBB1_Area_Choice=Use default memory from Linker File template
GTZC_S.MPCBB1_PrivConfig_array=00000000\:00000000\:00000000\:00000000\:00000000\:00000000\:00000000\:00000000\:00000000\:00000000\:00000000\:00000000
GTZC_S.MPCBB1_SecConfig_array=00000000\:00000000\:00000000\:00000000\:00000000\:00000000\:00000000\:00000000\:00000000\:00000000\:00000000\:00000000
GTZC_S.MPCBB2_PrivConfig_array=00000000\:00000000\:00000000\:00000000
GTZC_S.MPCBB2_SecConfig_array=00000000\:00000000\:00000000\:00000000
GTZC_S.MPCBB3_Area_Choice=Use default memory from Linker File template
GTZC_S.MPCBB3_Area_Privilege=GTZC_MPCBB_REGION_PRIV
GTZC_S.MPCBB3_Area_Privilege_Choice=from full Privileged
GTZC_S.MPCBB3_Area_Privilege_Size=0x80000
GTZC_S.MPCBB3_SecConfig_array=00000000\:00000000\:00000000\:00000000\:00000000\:00000000\:00000000\:00000000\:00000000\:00000000\:00000000\:00000000\:00000000\:00000000\:00000000\:00000000\:00000000\:00000000\:00000000\:00000000\:00000000\:00000000\:00000000\:00000000\:00000000\:00000000\:00000000\:00000000\:00000000\:00000000\:00000000\:00000000
GTZC_S.MPCBB4_PrivConfig_array=00000000
GTZC_S.MPCBB4_SecConfig_array=00000000
KeepUserPlacement=false
Mcu.Context0=CortexM33S
Mcu.Context1=CortexM33NS
Mcu.ContextNb=2
Mcu.ContextProject=TrustZoneEnabled
Mcu.Family=STM32U5
Mcu.IP0=CORTEX_M33_NS
Mcu.IP1=CORTEX_M33_S
Mcu.IP2=GTZC_S
Mcu.IP3=ICACHE
Mcu.IP4=NVIC2
Mcu.IP5=NVIC1
Mcu.IP6=PWR
Mcu.IP7=RCC
Mcu.IP8=SYS
Mcu.IP9=SYS_S
Mcu.IPNb=10
Mcu.Name=STM32U585AIIxQ
Mcu.Package=UFBGA169
Mcu.Pin0=PH6
Mcu.Pin1=PH7
Mcu.Pin2=VP_GTZC_S_VS_GTZC_Enable
Mcu.Pin3=VP_ICACHE_VS_ICACHE
Mcu.Pin4=VP_ICACHE_VS_SECURE_ICACHE_REG
Mcu.Pin5=VP_PWR_VS_DBSignals
Mcu.Pin6=VP_PWR_VS_SECSignals
Mcu.Pin7=VP_SYS_VS_Systick
Mcu.Pin8=VP_SYS_S_VS_Systick
Mcu.PinsNb=9
Mcu.ThirdPartyNb=0
Mcu.UserConstants=
Mcu.UserName=STM32U585AIIxQ
MxCube.Version=6.3.0
MxDb.Version=DB.6.0.30
NVIC1.BFHFNMINS=0
NVIC1.BusFault_IRQn=true\:0\:0\:false\:false\:true\:false\:false
NVIC1.DebugMonitor_IRQn=true\:0\:0\:false\:false\:true\:false\:false
NVIC1.ForceEnableDMAVector=true
NVIC1.GTZC_IRQn=true\:0\:0\:false\:false\:true\:true\:true
NVIC1.HardFault_IRQn=true\:0\:0\:false\:false\:true\:false\:false
NVIC1.MemoryManagement_IRQn=true\:0\:0\:false\:false\:true\:false\:false
NVIC1.NonMaskableInt_IRQn=true\:0\:0\:false\:false\:true\:false\:false
NVIC1.PRIS=0
NVIC1.PendSV_IRQn=true\:0\:0\:false\:false\:true\:false\:false
NVIC1.PriorityGroup=NVIC_PRIORITYGROUP_4
NVIC1.SVCall_IRQn=true\:0\:0\:false\:false\:true\:false\:false
NVIC1.SecureFault_IRQn=true\:0\:0\:false\:false\:true\:false\:false
NVIC1.SysTick_IRQn=true\:15\:0\:true\:false\:true\:false\:true
NVIC1.UsageFault_IRQn=true\:0\:0\:false\:false\:true\:false\:false
NVIC2.BFHFNMINS=0
NVIC2.ForceEnableDMAVector=true
NVIC2.MemoryManagement_IRQn=true\:0\:0\:false\:false\:true\:false\:false
NVIC2.PRIS=0
NVIC2.PendSV_IRQn=true\:0\:0\:false\:false\:true\:false\:false
NVIC2.PriorityGroup=NVIC_PRIORITYGROUP_4
NVIC2.SVCall_IRQn=true\:0\:0\:false\:false\:true\:false\:false
NVIC2.SysTick_IRQn=true\:15\:0\:true\:false\:true\:false\:true
NVIC2.UsageFault_IRQn=true\:0\:0\:false\:false\:true\:false\:false
PH6.ContextOwner=CortexM33S
PH6.GPIOParameters=GPIO_Speed,GPIO_Label,PinAttribute
PH6.GPIO_Label=LED6
PH6.GPIO_Speed=GPIO_SPEED_FREQ_VERY_HIGH
PH6.Locked=true
PH6.PinAttribute=CortexM33S
PH6.Signal=GPIO_Output
PH7.ContextOwner=CortexM33NS
PH7.GPIOParameters=GPIO_Speed,GPIO_Label,PinAttribute
PH7.GPIO_Label=LED7
PH7.GPIO_Speed=GPIO_SPEED_FREQ_VERY_HIGH
PH7.Locked=true
PH7.PinAttribute=CortexM33NS
PH7.Signal=GPIO_Output
PinOutPanel.CurrentBGAView=Top
PinOutPanel.RotationAngle=0
ProjectManager.AskForMigrate=true
ProjectManager.BackupPrevious=false
ProjectManager.CompilerOptimize=6
ProjectManager.ComputerToolchain=false
ProjectManager.CoupleFile=false
ProjectManager.DeletePrevious=true
ProjectManager.DeviceId=STM32U585AIIxQ
ProjectManager.FreePins=false
ProjectManager.HalAssertFull=false
ProjectManager.HeapSize=M33S-0x200,M33NS-0x200
ProjectManager.KeepUserCode=true
ProjectManager.LastFirmware=true
ProjectManager.LibraryCopy=2
ProjectManager.MainLocation=Src
ProjectManager.NoMain=false
ProjectManager.PreviousToolchain=
ProjectManager.ProjectBuild=false
ProjectManager.ProjectFileName=GPIO_IOToggle_TrustZone.ioc
ProjectManager.ProjectName=GPIO_IOToggle_TrustZone
ProjectManager.RegisterCallBack=
ProjectManager.StackSize=M33S-0x400,M33NS-0x400
ProjectManager.TargetToolchain=EWARM V8.32
ProjectManager.ToolChainLocation=
ProjectManager.UnderRoot=false
ProjectManager.functionlistsort=1-MX_GPIO_Init-GPIO-false-HAL-true-CortexM33S,2-SystemClock_Config-RCC-false-HAL-false-CortexM33S,3-MX_GTZC_S_Init-GTZC_S-false-HAL-true-CortexM33S,4-MX_ICACHE_Init-ICACHE-false-HAL-true-CortexM33S,1-MX_GPIO_Init-GPIO-false-HAL-true-CortexM33NS,2-SystemClock_Config-RCC-false-HAL-false-CortexM33NS,0-MX_CORTEX_M33_S_Init-CORTEX_M33_S-false-HAL-true-CortexM33S,0-MX_PWR_Init-PWR-false-HAL-true-CortexM33S,0-MX_CORTEX_M33_NS_Init-CORTEX_M33_NS-false-HAL-true-CortexM33NS,0-MX_PWR_Init-PWR-false-HAL-true-CortexM33NS
RCC.CK48Freq_Value=48000000
RCC.CRSFreq_Value=48000000
RCC.DACCLockSelectionVirtual=RCC_DAC1CLKSOURCE_LSI
RCC.DACCLockSelectionVirtualString=RCC_DAC1CLKSOURCE_LSI
RCC.DACFreq_Value=32000
RCC.EPOD_VALUE=4000000
RCC.FDCANFreq_Value=258000000
RCC.FamilyName=M
RCC.HSE_VALUE=16000000
RCC.HSI48_VALUE=48000000
RCC.HSI_VALUE=16000000
RCC.IPParameters=CK48Freq_Value,CRSFreq_Value,DACCLockSelectionVirtual,DACCLockSelectionVirtualString,DACFreq_Value,EPOD_VALUE,FDCANFreq_Value,FamilyName,HSE_VALUE,HSI48_VALUE,HSI_VALUE,LSCOPinFreq_Value,LSE_VALUE,LSIDIV_VALUE,LSI_VALUE,MSI_VALUE,PLL2PoutputFreq_Value,PLL2QoutputFreq_Value,PLL2RoutputFreq_Value,PLL3PoutputFreq_Value,PLL3QoutputFreq_Value,PLL3RoutputFreq_Value,PLLPoutputFreq_Value,PLLQoutputFreq_Value,PLLRCLKFreq_Value,RNGFreq_Value,SAESFreq_Value,SAI1Freq_Value,SAI2Freq_Value,SDMMCFreq_Value,USBFreq_Value,VCOInput2Freq_Value,VCOInput3Freq_Value,VCOInputFreq_Value,VCOOutputFreq_Value,VCOPLL2OutputFreq_Value,VCOPLL3OutputFreq_Value
RCC.LSCOPinFreq_Value=32000
RCC.LSE_VALUE=32768
RCC.LSIDIV_VALUE=32000
RCC.LSI_VALUE=32000
RCC.MSI_VALUE=4000000
RCC.PLL2PoutputFreq_Value=258000000
RCC.PLL2QoutputFreq_Value=258000000
RCC.PLL2RoutputFreq_Value=258000000
RCC.PLL3PoutputFreq_Value=258000000
RCC.PLL3QoutputFreq_Value=258000000
RCC.PLL3RoutputFreq_Value=258000000
RCC.PLLPoutputFreq_Value=258000000
RCC.PLLQoutputFreq_Value=258000000
RCC.PLLRCLKFreq_Value=258000000
RCC.RNGFreq_Value=48000000
RCC.SAESFreq_Value=16000000
RCC.SAI1Freq_Value=258000000
RCC.SAI2Freq_Value=258000000
RCC.SDMMCFreq_Value=258000000
RCC.USBFreq_Value=48000000
RCC.VCOInput2Freq_Value=4000000
RCC.VCOInput3Freq_Value=4000000
RCC.VCOInputFreq_Value=4000000
RCC.VCOOutputFreq_Value=516000000
RCC.VCOPLL2OutputFreq_Value=516000000
RCC.VCOPLL3OutputFreq_Value=516000000
SYS.userName=SYS_NS
VP_GTZC_S_VS_GTZC_Enable.Mode=GTZC_Enable
VP_GTZC_S_VS_GTZC_Enable.Signal=GTZC_S_VS_GTZC_Enable
VP_ICACHE_VS_ICACHE.Mode=DirectMappedCache
VP_ICACHE_VS_ICACHE.Signal=ICACHE_VS_ICACHE
VP_ICACHE_VS_SECURE_ICACHE_REG.Mode=ICACHE_REG_Not_Secured
VP_ICACHE_VS_SECURE_ICACHE_REG.Signal=ICACHE_VS_SECURE_ICACHE_REG
VP_PWR_VS_DBSignals.Mode=DisableDeadBatterySignals
VP_PWR_VS_DBSignals.Signal=PWR_VS_DBSignals
VP_PWR_VS_SECSignals.Mode=Security/Privilege
VP_PWR_VS_SECSignals.Signal=PWR_VS_SECSignals
VP_SYS_S_VS_Systick.Mode=SysTick
VP_SYS_S_VS_Systick.Signal=SYS_S_VS_Systick
VP_SYS_VS_Systick.Mode=SysTick
VP_SYS_VS_Systick.Signal=SYS_VS_Systick
board=custom
ProjectManager.Example=GPIO_IOToggle_TrustZone
ProjectManager.ExampleSource=CubeFw
