#MicroXplorer Configuration settings - do not modify
CAD.formats=
CAD.pinconfig=
CAD.provider=
CORTEX_M33_NS.userName=CORTEX_M33
File.Version=6
GPIO.groupedBy=
KeepUserPlacement=true
Mcu.CPN=STM32U575ZIT6Q
Mcu.ContextProject=TrustZoneDisabled
Mcu.Family=STM32U5
Mcu.IP0=CORTEX_M33_NS
Mcu.IP1=ICACHE
Mcu.IP2=LPBAM
Mcu.IP3=LPBAMQUEUE
Mcu.IP4=NVIC
Mcu.IP5=PWR
Mcu.IP6=RCC
Mcu.IP7=SPI1
Mcu.IP8=SYS
Mcu.IPNb=9
Mcu.Name=STM32U575ZITxQ
Mcu.Package=LQFP144
Mcu.Pin0=PA5
Mcu.Pin1=PA6
Mcu.Pin10=VP_LPBAM_VS_SIG4
Mcu.Pin2=PA7
Mcu.Pin3=VP_ICACHE_VS_ICACHE
Mcu.Pin4=VP_LPBAMQUEUE_VS_QUEUE
Mcu.Pin5=VP_PWR_VS_DBSignals
Mcu.Pin6=VP_PWR_VS_SECSignals
Mcu.Pin7=VP_PWR_VS_LPOM
Mcu.Pin8=VP_SYS_VS_Systick
Mcu.Pin9=VP_LPBAM_VS_SIG1
Mcu.PinsNb=11
Mcu.ThirdPartyNb=0
Mcu.UserConstants=
Mcu.UserName=STM32U575ZITxQ
MxCube.Version=6.8.0
MxDb.Version=DB.6.0.80
NVIC.BusFault_IRQn=true\:0\:0\:false\:false\:false\:true\:false\:false
NVIC.DebugMonitor_IRQn=true\:0\:0\:false\:false\:false\:true\:false\:false
NVIC.ForceEnableDMAVector=true
NVIC.HardFault_IRQn=true\:0\:0\:false\:false\:true\:true\:false\:false
NVIC.MemoryManagement_IRQn=true\:0\:0\:false\:false\:false\:true\:false\:false
NVIC.NonMaskableInt_IRQn=true\:0\:0\:false\:false\:true\:true\:false\:false
NVIC.PendSV_IRQn=true\:0\:0\:false\:false\:true\:true\:false\:false
NVIC.PriorityGroup=NVIC_PRIORITYGROUP_4
NVIC.SPI1_IRQn=true\:0\:0\:false\:false\:true\:true\:true\:true
NVIC.SVCall_IRQn=true\:0\:0\:false\:false\:true\:true\:false\:false
NVIC.SysTick_IRQn=true\:0\:0\:false\:false\:true\:true\:true\:false
NVIC.UsageFault_IRQn=true\:0\:0\:false\:false\:false\:true\:false\:false
PA5.Mode=Full_Duplex_Slave
PA5.Signal=SPI1_SCK
PA6.Mode=Full_Duplex_Slave
PA6.Signal=SPI1_MISO
PA7.GPIOParameters=GPIO_PuPd
PA7.GPIO_PuPd=GPIO_NOPULL
PA7.Mode=Full_Duplex_Slave
PA7.Signal=SPI1_MOSI
PWR.IPParameters=PowerMode
PWR.PowerMode=PWR_SMPS_SUPPLY
PinOutPanel.RotationAngle=0
ProjectManager.AskForMigrate=true
ProjectManager.BackupPrevious=false
ProjectManager.CompilerOptimize=6
ProjectManager.ComputerToolchain=false
ProjectManager.CoupleFile=false
ProjectManager.DeletePrevious=true
ProjectManager.DeviceId=STM32U575ZITxQ
ProjectManager.FreePins=false
ProjectManager.HalAssertFull=false
ProjectManager.HeapSize=0x200
ProjectManager.KeepUserCode=true
ProjectManager.LPBAM.generateCode=
ProjectManager.LastFirmware=true
ProjectManager.LibraryCopy=2
ProjectManager.MainLocation=Src
ProjectManager.NoMain=false
ProjectManager.PreviousToolchain=
ProjectManager.ProjectBuild=false
ProjectManager.ProjectFileName=SPI_FullDuplex_ComIT_Slave.ioc
ProjectManager.ProjectName=SPI_FullDuplex_ComIT_Slave
ProjectManager.RegisterCallBack=
ProjectManager.StackSize=0x400
ProjectManager.TargetToolchain=EWARM V8.50
ProjectManager.ToolChainLocation=
ProjectManager.UnderRoot=false
ProjectManager.functionlistsort=1-MX_GPIO_Init-GPIO-false-HAL-true,2-SystemClock_Config-RCC-false-HAL-false,3-MX_ICACHE_Init-ICACHE-false-HAL-true,4-MX_SPI1_Init-SPI1-false-HAL-true,0-MX_CORTEX_M33_NS_Init-CORTEX_M33_NS-false-HAL-true,0-MX_PWR_Init-PWR-false-HAL-true
RCC.ADCFreq_Value=16000000
RCC.ADF1Freq_Value=160000000
RCC.AHBFreq_Value=160000000
RCC.APB1Freq_Value=160000000
RCC.APB1TimFreq_Value=160000000
RCC.APB2Freq_Value=160000000
RCC.APB2TimFreq_Value=160000000
RCC.APB3Freq_Value=160000000
RCC.CK48Freq_Value=48000000
RCC.CRSFreq_Value=48000000
RCC.CortexFreq_Value=160000000
RCC.DACCLockSelectionVirtual=RCC_DAC1CLKSOURCE_LSI
RCC.DACCLockSelectionVirtualString=RCC_DAC1CLKSOURCE_LSI
RCC.DACFreq_Value=32000
RCC.EPOD_VALUE=4000000
RCC.FCLKCortexFreq_Value=160000000
RCC.FDCANFreq_Value=160000000
RCC.FamilyName=M
RCC.HCLKFreq_Value=160000000
RCC.HSE_VALUE=16000000
RCC.HSI48_VALUE=48000000
RCC.HSI_VALUE=16000000
RCC.I2C1Freq_Value=160000000
RCC.I2C2Freq_Value=160000000
RCC.I2C3Freq_Value=160000000
RCC.I2C4Freq_Value=160000000
RCC.IPParameters=ADCFreq_Value,ADF1Freq_Value,AHBFreq_Value,APB1Freq_Value,APB1TimFreq_Value,APB2Freq_Value,APB2TimFreq_Value,APB3Freq_Value,CK48Freq_Value,CRSFreq_Value,CortexFreq_Value,DACCLockSelectionVirtual,DACCLockSelectionVirtualString,DACFreq_Value,EPOD_VALUE,FCLKCortexFreq_Value,FDCANFreq_Value,FamilyName,HCLKFreq_Value,HSE_VALUE,HSI48_VALUE,HSI_VALUE,I2C1Freq_Value,I2C2Freq_Value,I2C3Freq_Value,I2C4Freq_Value,LPTIM2Freq_Value,LPUART1Freq_Value,LSCOPinFreq_Value,LSE_VALUE,LSIDIV_VALUE,LSI_VALUE,MCO1PinFreq_Value,MDF1Freq_Value,MSI_VALUE,OCTOSPIMFreq_Value,PLL2PoutputFreq_Value,PLL2QoutputFreq_Value,PLL2RoutputFreq_Value,PLL3PoutputFreq_Value,PLL3QoutputFreq_Value,PLL3RoutputFreq_Value,PLLN,PLLPoutputFreq_Value,PLLQoutputFreq_Value,PLLRCLKFreq_Value,PWRFreq_Value,RNGFreq_Value,SAI1Freq_Value,SAI2Freq_Value,SDMMCFreq_Value,SPI1Freq_Value,SPI2Freq_Value,SPI3Freq_Value,SYSCLKFreq_VALUE,SYSCLKSource,UART4Freq_Value,UART5Freq_Value,USART1Freq_Value,USART2Freq_Value,USART3Freq_Value,USBFreq_Value,VCOInput2Freq_Value,VCOInput3Freq_Value,VCOInputFreq_Value,VCOOutputFreq_Value,VCOPLL2OutputFreq_Value,VCOPLL3OutputFreq_Value
RCC.LPTIM2Freq_Value=160000000
RCC.LPUART1Freq_Value=160000000
RCC.LSCOPinFreq_Value=32000
RCC.LSE_VALUE=32768
RCC.LSIDIV_VALUE=32000
RCC.LSI_VALUE=32000
RCC.MCO1PinFreq_Value=160000000
RCC.MDF1Freq_Value=160000000
RCC.MSI_VALUE=4000000
RCC.OCTOSPIMFreq_Value=160000000
RCC.PLL2PoutputFreq_Value=258000000
RCC.PLL2QoutputFreq_Value=258000000
RCC.PLL2RoutputFreq_Value=258000000
RCC.PLL3PoutputFreq_Value=258000000
RCC.PLL3QoutputFreq_Value=258000000
RCC.PLL3RoutputFreq_Value=258000000
RCC.PLLN=80
RCC.PLLPoutputFreq_Value=160000000
RCC.PLLQoutputFreq_Value=160000000
RCC.PLLRCLKFreq_Value=160000000
RCC.PWRFreq_Value=160000000
RCC.RNGFreq_Value=48000000
RCC.SAI1Freq_Value=258000000
RCC.SAI2Freq_Value=258000000
RCC.SDMMCFreq_Value=160000000
RCC.SPI1Freq_Value=160000000
RCC.SPI2Freq_Value=160000000
RCC.SPI3Freq_Value=160000000
RCC.SYSCLKFreq_VALUE=160000000
RCC.SYSCLKSource=RCC_SYSCLKSOURCE_PLLCLK
RCC.UART4Freq_Value=160000000
RCC.UART5Freq_Value=160000000
RCC.USART1Freq_Value=160000000
RCC.USART2Freq_Value=160000000
RCC.USART3Freq_Value=160000000
RCC.USBFreq_Value=48000000
RCC.VCOInput2Freq_Value=4000000
RCC.VCOInput3Freq_Value=4000000
RCC.VCOInputFreq_Value=4000000
RCC.VCOOutputFreq_Value=320000000
RCC.VCOPLL2OutputFreq_Value=516000000
RCC.VCOPLL3OutputFreq_Value=516000000
SPI1.CLKPhase=SPI_PHASE_1EDGE
SPI1.CLKPolarity=SPI_POLARITY_LOW
SPI1.CRCCalculation=SPI_CRCCALCULATION_DISABLE
SPI1.DataSize=SPI_DATASIZE_8BIT
SPI1.Direction=SPI_DIRECTION_2LINES
SPI1.FirstBit=SPI_FIRSTBIT_MSB
SPI1.GPIO_SPEED=GPIO_SPEED_FREQ_VERY_HIGH
SPI1.IPParameters=TIMode,DataSize,FirstBit,CLKPolarity,CLKPhase,CRCCalculation,NSS,VirtualType,Mode,Direction,GPIO_SPEED
SPI1.Mode=SPI_MODE_SLAVE
SPI1.NSS=SPI_NSS_SOFT
SPI1.TIMode=SPI_TIMODE_DISABLE
SPI1.VirtualType=VM_SLAVE
VP_ICACHE_VS_ICACHE.Mode=DirectMappedCache
VP_ICACHE_VS_ICACHE.Signal=ICACHE_VS_ICACHE
VP_LPBAMQUEUE_VS_QUEUE.Mode=QUEUEMODE
VP_LPBAMQUEUE_VS_QUEUE.Signal=LPBAMQUEUE_VS_QUEUE
VP_LPBAM_VS_SIG1.Mode=SmartRun
VP_LPBAM_VS_SIG1.Signal=LPBAM_VS_SIG1
VP_LPBAM_VS_SIG4.Mode=LPDMA1
VP_LPBAM_VS_SIG4.Signal=LPBAM_VS_SIG4
VP_PWR_VS_DBSignals.Mode=DisableDeadBatterySignals
VP_PWR_VS_DBSignals.Signal=PWR_VS_DBSignals
VP_PWR_VS_LPOM.Mode=PowerOptimisation
VP_PWR_VS_LPOM.Signal=PWR_VS_LPOM
VP_PWR_VS_SECSignals.Mode=Security/Privilege
VP_PWR_VS_SECSignals.Signal=PWR_VS_SECSignals
VP_SYS_VS_Systick.Mode=SysTick
VP_SYS_VS_Systick.Signal=SYS_VS_Systick
board=custom
ProjectManager.Example=SPI_FullDuplex_ComIT_Slave
ProjectManager.ExampleSource=CubeFw
