#MicroXplorer Configuration settings - do not modify
CORTEX_M33_NS.userName=CORTEX_M33
File.Version=6
GPIO.groupedBy=Group By Peripherals
KeepUserPlacement=false
LPDMA1.IPParameters=PRIORITY_LL_LPDMACH0,LINKALLOCATEDPORT_LPDMACH0,PRIORITY_LL_LPDMACH1,LINKALLOCATEDPORT_LPDMACH1
LPDMA1.LINKALLOCATEDPORT_LPDMACH0=DMA_LINK_ALLOCATED_PORT1
LPDMA1.LINKALLOCATEDPORT_LPDMACH1=DMA_LINK_ALLOCATED_PORT1
LPDMA1.PRIORITY_LL_LPDMACH0=DMA_LOW_PRIORITY_HIGH_WEIGHT
LPDMA1.PRIORITY_LL_LPDMACH1=DMA_LOW_PRIORITY_HIGH_WEIGHT
Linkedlist.MDMA_Channel0.GP_SW.0.BlkHWRequest=DMA_BREQ_SINGLE_BURST
Linkedlist.MDMA_Channel0.GP_SW.0.DataHandling=NONE
Linkedlist.MDMA_Channel0.GP_SW.0.DataSize=0
Linkedlist.MDMA_Channel0.GP_SW.0.DestDataWidth=DMA_DEST_DATAWIDTH_BYTE
Linkedlist.MDMA_Channel0.GP_SW.0.DestInc=DMA_DINC_FIXED
Linkedlist.MDMA_Channel0.GP_SW.0.Direction=DMA_MEMORY_TO_PERIPH
Linkedlist.MDMA_Channel0.GP_SW.0.DstAddress=0
Linkedlist.MDMA_Channel0.GP_SW.0.Instance=MDMA_Channel0
Linkedlist.MDMA_Channel0.GP_SW.0.LL_MASTERDMA=LPDMA
Linkedlist.MDMA_Channel0.GP_SW.0.LL_NAME=Queue_tx
Linkedlist.MDMA_Channel0.GP_SW.0.LL_TYPE=LINEAR
Linkedlist.MDMA_Channel0.GP_SW.0.NODE_NAME=Node_tx
Linkedlist.MDMA_Channel0.GP_SW.0.RequestParameters=LL_NAME,LL_MASTERDMA,LL_TYPE,NODE_NAME,BlkHWRequest,Requestforcodegen,Direction,SrcInc,DestInc,SrcDataWidth,DestDataWidth,TransferEventMode,DataHandling,TriggerPolarity,SrcAddress,DstAddress,DataSize
Linkedlist.MDMA_Channel0.GP_SW.0.Requestforcodegen=LPDMA1_REQUEST_SPI3_TX
Linkedlist.MDMA_Channel0.GP_SW.0.SrcAddress=0
Linkedlist.MDMA_Channel0.GP_SW.0.SrcDataWidth=DMA_SRC_DATAWIDTH_BYTE
Linkedlist.MDMA_Channel0.GP_SW.0.SrcInc=DMA_SINC_INCREMENTED
Linkedlist.MDMA_Channel0.GP_SW.0.TransferEventMode=DMA_TCEM_BLOCK_TRANSFER
Linkedlist.MDMA_Channel0.GP_SW.0.TriggerPolarity=DMA_TRIG_POLARITY_MASKED
Linkedlist.MDMA_Channel0.Request0=GP_SW
Linkedlist.MDMA_Channel0.RequestsNb=1
Linkedlist.MDMA_Channel1.GP_SW.0.BlkHWRequest=DMA_BREQ_SINGLE_BURST
Linkedlist.MDMA_Channel1.GP_SW.0.DataHandling=NONE
Linkedlist.MDMA_Channel1.GP_SW.0.DataSize=0
Linkedlist.MDMA_Channel1.GP_SW.0.DestDataWidth=DMA_DEST_DATAWIDTH_BYTE
Linkedlist.MDMA_Channel1.GP_SW.0.DestInc=DMA_DINC_INCREMENTED
Linkedlist.MDMA_Channel1.GP_SW.0.Direction=DMA_PERIPH_TO_MEMORY
Linkedlist.MDMA_Channel1.GP_SW.0.DstAddress=0
Linkedlist.MDMA_Channel1.GP_SW.0.Instance=MDMA_Channel1
Linkedlist.MDMA_Channel1.GP_SW.0.LL_MASTERDMA=LPDMA
Linkedlist.MDMA_Channel1.GP_SW.0.LL_NAME=Queue_rx
Linkedlist.MDMA_Channel1.GP_SW.0.LL_TYPE=LINEAR
Linkedlist.MDMA_Channel1.GP_SW.0.NODE_NAME=Node_rx
Linkedlist.MDMA_Channel1.GP_SW.0.RequestParameters=LL_NAME,LL_MASTERDMA,LL_TYPE,NODE_NAME,BlkHWRequest,Requestforcodegen,Direction,SrcInc,DestInc,SrcDataWidth,DestDataWidth,TransferEventMode,DataHandling,TriggerPolarity,SrcAddress,DstAddress,DataSize
Linkedlist.MDMA_Channel1.GP_SW.0.Requestforcodegen=LPDMA1_REQUEST_SPI3_RX
Linkedlist.MDMA_Channel1.GP_SW.0.SrcAddress=0
Linkedlist.MDMA_Channel1.GP_SW.0.SrcDataWidth=DMA_SRC_DATAWIDTH_BYTE
Linkedlist.MDMA_Channel1.GP_SW.0.SrcInc=DMA_SINC_FIXED
Linkedlist.MDMA_Channel1.GP_SW.0.TransferEventMode=DMA_TCEM_BLOCK_TRANSFER
Linkedlist.MDMA_Channel1.GP_SW.0.TriggerPolarity=DMA_TRIG_POLARITY_MASKED
Linkedlist.MDMA_Channel1.Request0=GP_SW
Linkedlist.MDMA_Channel1.RequestsNb=1
Linkedlist.RequestSet0=MDMA_Channel0
Linkedlist.RequestSet1=MDMA_Channel1
Linkedlist.RequestSetsNb=2
Mcu.CPN=STM32U575ZIT6Q
Mcu.ContextProject=TrustZoneDisabled
Mcu.Family=STM32U5
Mcu.IP0=CORTEX_M33_NS
Mcu.IP1=ICACHE
Mcu.IP10=SYS
Mcu.IP2=LINKEDLIST
Mcu.IP3=LPBAM
Mcu.IP4=LPBAMQUEUE
Mcu.IP5=LPDMA1
Mcu.IP6=NVIC
Mcu.IP7=PWR
Mcu.IP8=RCC
Mcu.IP9=SPI3
Mcu.IPNb=11
Mcu.Name=STM32U575ZITxQ
Mcu.Package=LQFP144
Mcu.Pin0=PC10
Mcu.Pin1=PC11
Mcu.Pin10=VP_SYS_VS_Systick
Mcu.Pin11=VP_LPBAM_VS_SIG1
Mcu.Pin12=VP_LPBAM_VS_SIG4
Mcu.Pin2=PC12
Mcu.Pin3=VP_ICACHE_VS_ICACHE
Mcu.Pin4=VP_LPBAMQUEUE_VS_QUEUE
Mcu.Pin5=VP_LPDMA1_VS_LPDMACH0
Mcu.Pin6=VP_LPDMA1_VS_LPDMACH1
Mcu.Pin7=VP_PWR_VS_DBSignals
Mcu.Pin8=VP_PWR_VS_SECSignals
Mcu.Pin9=VP_PWR_VS_LPOM
Mcu.PinsNb=13
Mcu.ThirdPartyNb=0
Mcu.UserConstants=
Mcu.UserName=STM32U575ZITxQ
MxCube.Version=6.5.0
MxDb.Version=DB.6.0.50
NVIC.BusFault_IRQn=true\:0\:0\:false\:false\:true\:false\:false\:true
NVIC.DebugMonitor_IRQn=true\:0\:0\:false\:false\:true\:false\:false\:true
NVIC.ForceEnableDMAVector=true
NVIC.HardFault_IRQn=true\:0\:0\:false\:false\:true\:false\:false\:true
NVIC.LPDMA1_Channel0_IRQn=true\:0\:0\:false\:false\:true\:true\:true\:true
NVIC.LPDMA1_Channel1_IRQn=true\:0\:0\:false\:false\:true\:true\:true\:true
NVIC.MemoryManagement_IRQn=true\:0\:0\:false\:false\:true\:false\:false\:true
NVIC.NonMaskableInt_IRQn=true\:0\:0\:false\:false\:true\:false\:false\:true
NVIC.PendSV_IRQn=true\:0\:0\:false\:false\:true\:false\:false\:true
NVIC.PriorityGroup=NVIC_PRIORITYGROUP_4
NVIC.SPI3_IRQn=true\:0\:0\:false\:false\:true\:true\:true\:true
NVIC.SVCall_IRQn=true\:0\:0\:false\:false\:true\:false\:false\:true
NVIC.SysTick_IRQn=true\:15\:0\:false\:false\:true\:false\:true\:true
NVIC.UsageFault_IRQn=true\:0\:0\:false\:false\:true\:false\:false\:true
PC10.GPIOParameters=GPIO_Speed,GPIO_PuPd
PC10.GPIO_PuPd=GPIO_NOPULL
PC10.GPIO_Speed=GPIO_SPEED_FREQ_HIGH
PC10.Mode=Full_Duplex_Master
PC10.Signal=SPI3_SCK
PC11.GPIOParameters=GPIO_Speed,GPIO_PuPd
PC11.GPIO_PuPd=GPIO_NOPULL
PC11.GPIO_Speed=GPIO_SPEED_FREQ_HIGH
PC11.Mode=Full_Duplex_Master
PC11.Signal=SPI3_MISO
PC12.GPIOParameters=GPIO_Speed,GPIO_PuPd
PC12.GPIO_PuPd=GPIO_NOPULL
PC12.GPIO_Speed=GPIO_SPEED_FREQ_HIGH
PC12.Mode=Full_Duplex_Master
PC12.Signal=SPI3_MOSI
PWR.IPParameters=PowerMode
PWR.PowerMode=PWR_SMPS_SUPPLY
PinOutPanel.RotationAngle=0
ProjectManager.AskForMigrate=true
ProjectManager.BackupPrevious=false
ProjectManager.CompilerOptimize=6
ProjectManager.ComputerToolchain=false
ProjectManager.CoupleFile=false
ProjectManager.DeletePrevious=true
ProjectManager.DeviceId=STM32U575ZITxQ
ProjectManager.FreePins=false
ProjectManager.HalAssertFull=false
ProjectManager.HeapSize=0x200
ProjectManager.KeepUserCode=true
ProjectManager.LPBAM.generateCode=
ProjectManager.LastFirmware=true
ProjectManager.LibraryCopy=2
ProjectManager.MainLocation=Src
ProjectManager.NoMain=false
ProjectManager.PreviousToolchain=
ProjectManager.ProjectBuild=false
ProjectManager.ProjectFileName=SPI_FullDuplex_ComDMA_LowPower_Master.ioc
ProjectManager.ProjectName=SPI_FullDuplex_ComDMA_LowPower_Master
ProjectManager.RegisterCallBack=
ProjectManager.StackSize=0x400
ProjectManager.TargetToolchain=EWARM V8.50
ProjectManager.ToolChainLocation=
ProjectManager.UnderRoot=false
ProjectManager.functionlistsort=1-SystemClock_Config-RCC-false-HAL-false,2-MX_ICACHE_Init-ICACHE-false-HAL-true,3-MX_GPIO_Init-GPIO-false-HAL-true,4-MX_LPDMA1_Init-LPDMA1-false-HAL-true,5-MX_SPI3_Init-SPI3-false-HAL-true,0-MX_CORTEX_M33_NS_Init-CORTEX_M33_NS-false-HAL-true,0-MX_PWR_Init-PWR-false-HAL-true
RCC.ADCFreq_Value=16000000
RCC.ADF1Freq_Value=160000000
RCC.AHBFreq_Value=160000000
RCC.APB1Freq_Value=160000000
RCC.APB1TimFreq_Value=160000000
RCC.APB2Freq_Value=160000000
RCC.APB2TimFreq_Value=160000000
RCC.APB3Freq_Value=160000000
RCC.CK48Freq_Value=48000000
RCC.CRSFreq_Value=48000000
RCC.CortexFreq_Value=160000000
RCC.DACCLockSelectionVirtual=RCC_DAC1CLKSOURCE_LSI
RCC.DACCLockSelectionVirtualString=RCC_DAC1CLKSOURCE_LSI
RCC.DACFreq_Value=32000
RCC.EPOD_VALUE=4000000
RCC.FCLKCortexFreq_Value=160000000
RCC.FDCANFreq_Value=160000000
RCC.FamilyName=M
RCC.HCLKFreq_Value=160000000
RCC.HSE_VALUE=16000000
RCC.HSI48_VALUE=48000000
RCC.HSI_VALUE=16000000
RCC.I2C1Freq_Value=160000000
RCC.I2C2Freq_Value=160000000
RCC.I2C3Freq_Value=160000000
RCC.I2C4Freq_Value=160000000
RCC.IPParameters=ADCFreq_Value,ADF1Freq_Value,AHBFreq_Value,APB1Freq_Value,APB1TimFreq_Value,APB2Freq_Value,APB2TimFreq_Value,APB3Freq_Value,CK48Freq_Value,CRSFreq_Value,CortexFreq_Value,DACCLockSelectionVirtual,DACCLockSelectionVirtualString,DACFreq_Value,EPOD_VALUE,FCLKCortexFreq_Value,FDCANFreq_Value,FamilyName,HCLKFreq_Value,HSE_VALUE,HSI48_VALUE,HSI_VALUE,I2C1Freq_Value,I2C2Freq_Value,I2C3Freq_Value,I2C4Freq_Value,LPTIM2Freq_Value,LPUART1Freq_Value,LSCOPinFreq_Value,LSE_VALUE,LSIDIV_VALUE,LSI_VALUE,MCO1PinFreq_Value,MDF1Freq_Value,MSI_VALUE,OCTOSPIMFreq_Value,PLL2PoutputFreq_Value,PLL2QoutputFreq_Value,PLL2RoutputFreq_Value,PLL3PoutputFreq_Value,PLL3QoutputFreq_Value,PLL3RoutputFreq_Value,PLLN,PLLPoutputFreq_Value,PLLQoutputFreq_Value,PLLRCLKFreq_Value,RNGFreq_Value,SAI1Freq_Value,SAI2Freq_Value,SDMMCFreq_Value,SPI1Freq_Value,SPI2Freq_Value,SPI3CLockSelection,SPI3Freq_Value,SYSCLKFreq_VALUE,SYSCLKSource,UART4Freq_Value,UART5Freq_Value,USART1Freq_Value,USART2Freq_Value,USART3Freq_Value,USBFreq_Value,VCOInput2Freq_Value,VCOInput3Freq_Value,VCOInputFreq_Value,VCOOutputFreq_Value,VCOPLL2OutputFreq_Value,VCOPLL3OutputFreq_Value
RCC.LPTIM2Freq_Value=160000000
RCC.LPUART1Freq_Value=160000000
RCC.LSCOPinFreq_Value=32000
RCC.LSE_VALUE=32768
RCC.LSIDIV_VALUE=32000
RCC.LSI_VALUE=32000
RCC.MCO1PinFreq_Value=160000000
RCC.MDF1Freq_Value=160000000
RCC.MSI_VALUE=4000000
RCC.OCTOSPIMFreq_Value=160000000
RCC.PLL2PoutputFreq_Value=258000000
RCC.PLL2QoutputFreq_Value=258000000
RCC.PLL2RoutputFreq_Value=258000000
RCC.PLL3PoutputFreq_Value=258000000
RCC.PLL3QoutputFreq_Value=258000000
RCC.PLL3RoutputFreq_Value=258000000
RCC.PLLN=80
RCC.PLLPoutputFreq_Value=160000000
RCC.PLLQoutputFreq_Value=160000000
RCC.PLLRCLKFreq_Value=160000000
RCC.RNGFreq_Value=48000000
RCC.SAI1Freq_Value=258000000
RCC.SAI2Freq_Value=258000000
RCC.SDMMCFreq_Value=160000000
RCC.SPI1Freq_Value=160000000
RCC.SPI2Freq_Value=160000000
RCC.SPI3CLockSelection=RCC_SPI3CLKSOURCE_HSI
RCC.SPI3Freq_Value=16000000
RCC.SYSCLKFreq_VALUE=160000000
RCC.SYSCLKSource=RCC_SYSCLKSOURCE_PLLCLK
RCC.UART4Freq_Value=160000000
RCC.UART5Freq_Value=160000000
RCC.USART1Freq_Value=160000000
RCC.USART2Freq_Value=160000000
RCC.USART3Freq_Value=160000000
RCC.USBFreq_Value=48000000
RCC.VCOInput2Freq_Value=4000000
RCC.VCOInput3Freq_Value=4000000
RCC.VCOInputFreq_Value=4000000
RCC.VCOOutputFreq_Value=320000000
RCC.VCOPLL2OutputFreq_Value=516000000
RCC.VCOPLL3OutputFreq_Value=516000000
SPI3.BaudRatePrescaler=SPI_BAUDRATEPRESCALER_32
SPI3.CalculateBaudRate=500.0 KBits/s
SPI3.DataSize=SPI_DATASIZE_8BIT
SPI3.Direction=SPI_DIRECTION_2LINES
SPI3.IPParameters=VirtualType,Mode,Direction,CalculateBaudRate,DataSize,BaudRatePrescaler,NSSPMode
SPI3.Mode=SPI_MODE_MASTER
SPI3.NSSPMode=SPI_NSS_PULSE_DISABLE
SPI3.VirtualType=VM_MASTER
VP_ICACHE_VS_ICACHE.Mode=DirectMappedCache
VP_ICACHE_VS_ICACHE.Signal=ICACHE_VS_ICACHE
VP_LPBAMQUEUE_VS_QUEUE.Mode=QUEUEMODE
VP_LPBAMQUEUE_VS_QUEUE.Signal=LPBAMQUEUE_VS_QUEUE
VP_LPBAM_VS_SIG1.Mode=SmartRun
VP_LPBAM_VS_SIG1.Signal=LPBAM_VS_SIG1
VP_LPBAM_VS_SIG4.Mode=LPDMA1
VP_LPBAM_VS_SIG4.Signal=LPBAM_VS_SIG4
VP_LPDMA1_VS_LPDMACH0.Mode=LINKEDLIST_LPDMACH0
VP_LPDMA1_VS_LPDMACH0.Signal=LPDMA1_VS_LPDMACH0
VP_LPDMA1_VS_LPDMACH1.Mode=LINKEDLIST_LPDMACH1
VP_LPDMA1_VS_LPDMACH1.Signal=LPDMA1_VS_LPDMACH1
VP_PWR_VS_DBSignals.Mode=DisableDeadBatterySignals
VP_PWR_VS_DBSignals.Signal=PWR_VS_DBSignals
VP_PWR_VS_LPOM.Mode=PowerOptimisation
VP_PWR_VS_LPOM.Signal=PWR_VS_LPOM
VP_PWR_VS_SECSignals.Mode=Security/Privilege
VP_PWR_VS_SECSignals.Signal=PWR_VS_SECSignals
VP_SYS_VS_Systick.Mode=SysTick
VP_SYS_VS_Systick.Signal=SYS_VS_Systick
board=custom
ProjectManager.Example=SPI_FullDuplex_ComDMA_LowPower_Master
ProjectManager.ExampleSource=CubeFw
