#MicroXplorer Configuration settings - do not modify
ADC1.CommonPathInternal=null|null|null|null
ADC1.IPParameters=NbrOfConversion,master,CommonPathInternal
ADC1.NbrOfConversion=1
ADC1.master=1
CAD.formats=
CAD.pinconfig=
CAD.provider=
CORTEX_M33_NS.userName=CORTEX_M33
File.Version=6
GPDMA1.DIRECTION_GPDMACH3=DMA_MEMORY_TO_PERIPH
GPDMA1.IPHANDLE_GPDMACH3-SIMPLEREQUEST_GPDMACH3=__NULL
GPDMA1.IPHANDLE_GPDMACH5-SIMPLEREQUEST_GPDMACH5=__NULL
GPDMA1.IPParameters=IPHANDLE_GPDMACH3-SIMPLEREQUEST_GPDMACH3,REQUEST_GPDMACH3,DIRECTION_GPDMACH3,IPHANDLE_GPDMACH5-SIMPLEREQUEST_GPDMACH5,REQUEST_GPDMACH5
GPDMA1.REQUEST_GPDMACH3=GPDMA1_REQUEST_UCPD1_TX
GPDMA1.REQUEST_GPDMACH5=GPDMA1_REQUEST_UCPD1_RX
GPIO.groupedBy=Group By Peripherals
I2C1.IPParameters=Timing
I2C1.Timing=0x30909DEC
KeepUserPlacement=false
Mcu.CPN=STM32U585AII6Q
Mcu.ContextProject=TrustZoneDisabled
Mcu.Family=STM32U5
Mcu.IP0=ADC1
Mcu.IP1=CORTEX_M33_NS
Mcu.IP10=SYS
Mcu.IP11=THREADX
Mcu.IP12=UCPD1
Mcu.IP13=USBPD
Mcu.IP14=USBX
Mcu.IP15=USB_OTG_FS
Mcu.IP2=GPDMA1
Mcu.IP3=I2C1
Mcu.IP4=ICACHE
Mcu.IP5=LPBAM
Mcu.IP6=LPBAMQUEUE
Mcu.IP7=NVIC
Mcu.IP8=PWR
Mcu.IP9=RCC
Mcu.IPNb=16
Mcu.Name=STM32U585AIIxQ
Mcu.Package=UFBGA169
Mcu.Pin0=PA15 (JTDI)
Mcu.Pin1=PB6
Mcu.Pin10=VP_GPDMA1_VS_GPDMACH3
Mcu.Pin11=VP_GPDMA1_VS_GPDMACH5
Mcu.Pin12=VP_ICACHE_VS_ICACHE
Mcu.Pin13=VP_LPBAMQUEUE_VS_QUEUE
Mcu.Pin14=VP_PWR_VS_DBSignals
Mcu.Pin15=VP_PWR_VS_SECSignals
Mcu.Pin16=VP_PWR_VS_LPOM
Mcu.Pin17=VP_RCC_USB
Mcu.Pin18=VP_SYS_VS_tim6
Mcu.Pin19=VP_THREADX_VS_RTOSJjThreadXJjCoreJjDefault
Mcu.Pin2=PB9
Mcu.Pin20=VP_USBPD_VS_USBPD1
Mcu.Pin21=VP_USBPD_VS_PD3TYPEC
Mcu.Pin22=VP_USBPD_VS_usbpd_tim2
Mcu.Pin23=VP_USBPD_VS_usbpd_usb_cohabitation
Mcu.Pin24=VP_USBX_Core_System
Mcu.Pin25=VP_USBX_UX Device CoreStack_FS
Mcu.Pin26=VP_USBX_UX Device Controller_FS
Mcu.Pin27=VP_USBX_UX Device DFU_FS
Mcu.Pin28=VP_LPBAM_VS_SIG1
Mcu.Pin29=VP_LPBAM_VS_SIG2
Mcu.Pin3=PC13
Mcu.Pin30=VP_LPBAM_VS_SIG4
Mcu.Pin31=VP_LPBAM_VS_SIGPW
Mcu.Pin32=VP_LPBAM_VS_SIGPWOPT
Mcu.Pin4=PH6
Mcu.Pin5=PH7
Mcu.Pin6=PA12
Mcu.Pin7=PA11
Mcu.Pin8=PC1
Mcu.Pin9=PB15
Mcu.PinsNb=33
Mcu.ThirdPartyNb=0
Mcu.UserConstants=
Mcu.UserName=STM32U585AIIxQ
MxCube.Version=6.13.0
MxDb.Version=DB.6.0.130
NVIC.BusFault_IRQn=true\:0\:0\:false\:false\:true\:false\:false\:false\:false
NVIC.DebugMonitor_IRQn=true\:0\:0\:false\:false\:true\:false\:false\:false\:false
NVIC.ForceEnableDMAVector=true
NVIC.GPDMA1_Channel3_IRQn=true\:0\:0\:false\:false\:true\:true\:false\:true\:true
NVIC.GPDMA1_Channel5_IRQn=true\:0\:0\:false\:false\:true\:true\:false\:true\:true
NVIC.HardFault_IRQn=true\:0\:0\:false\:false\:true\:false\:false\:false\:false
NVIC.MemoryManagement_IRQn=true\:0\:0\:false\:false\:true\:false\:false\:false\:false
NVIC.NonMaskableInt_IRQn=true\:0\:0\:false\:false\:true\:false\:false\:false\:false
NVIC.OTG_FS_IRQn=true\:6\:0\:true\:false\:true\:false\:true\:true\:true
NVIC.PendSV_IRQn=true\:0\:0\:false\:false\:false\:false\:false\:false\:false
NVIC.PriorityGroup=NVIC_PRIORITYGROUP_4
NVIC.SVCall_IRQn=true\:0\:0\:false\:false\:false\:false\:false\:false\:false
NVIC.SavedPendsvIrqHandlerGenerated=true
NVIC.SavedSvcallIrqHandlerGenerated=true
NVIC.SavedSystickIrqHandlerGenerated=true
NVIC.SysTick_IRQn=true\:0\:0\:false\:false\:false\:false\:false\:true\:false
NVIC.TIM6_IRQn=true\:15\:0\:false\:false\:true\:false\:false\:true\:true
NVIC.TimeBase=TIM6_IRQn
NVIC.TimeBaseIP=TIM6
NVIC.UCPD1_IRQn=true\:5\:0\:true\:false\:true\:false\:true\:false\:true
NVIC.UsageFault_IRQn=true\:0\:0\:false\:false\:true\:false\:false\:false\:false
PA11.GPIOParameters=GPIO_Speed
PA11.GPIO_Speed=GPIO_SPEED_FREQ_HIGH
PA11.Mode=Device_Only
PA11.Signal=USB_OTG_FS_DM
PA12.GPIOParameters=GPIO_Speed
PA12.GPIO_Speed=GPIO_SPEED_FREQ_HIGH
PA12.Mode=Device_Only
PA12.Signal=USB_OTG_FS_DP
PA15\ (JTDI).Mode=Sink_AllSignals
PA15\ (JTDI).Signal=UCPD1_CC1
PB15.Mode=Sink_AllSignals
PB15.Signal=UCPD1_CC2
PB6.Mode=I2C
PB6.Signal=I2C1_SCL
PB9.Mode=I2C
PB9.Signal=I2C1_SDA
PC1.Mode=IN2-Single-Ended
PC1.Signal=ADC1_IN2
PC13.GPIOParameters=GPIO_PuPd,GPIO_Label
PC13.GPIO_Label=User_Button
PC13.GPIO_PuPd=GPIO_PULLDOWN
PC13.Locked=true
PC13.Signal=GPIO_Input
PH6.GPIOParameters=PinState,GPIO_Label
PH6.GPIO_Label=LED_RED
PH6.Locked=true
PH6.PinState=GPIO_PIN_SET
PH6.Signal=GPIO_Output
PH7.GPIOParameters=PinState,GPIO_Label
PH7.GPIO_Label=LED_GREEN
PH7.Locked=true
PH7.PinState=GPIO_PIN_SET
PH7.Signal=GPIO_Output
PWR.IPParameters=PowerMode
PWR.PowerMode=PWR_SMPS_SUPPLY
PinOutPanel.CurrentBGAView=Top
PinOutPanel.RotationAngle=0
ProjectManager.AskForMigrate=true
ProjectManager.BackupPrevious=false
ProjectManager.CompilerOptimize=6
ProjectManager.ComputerToolchain=false
ProjectManager.CoupleFile=false
ProjectManager.DeletePrevious=true
ProjectManager.DeviceId=STM32U585AIIxQ
ProjectManager.FreePins=false
ProjectManager.HalAssertFull=false
ProjectManager.HeapSize=0x200
ProjectManager.KeepUserCode=true
ProjectManager.LPBAM.generateCode=
ProjectManager.LastFirmware=true
ProjectManager.LibraryCopy=2
ProjectManager.MainLocation=Core/Src
ProjectManager.NoMain=false
ProjectManager.PreviousToolchain=
ProjectManager.ProjectBuild=false
ProjectManager.ProjectFileName=Ux_Device_DFU.ioc
ProjectManager.ProjectName=Ux_Device_DFU
ProjectManager.ProjectStructure=
ProjectManager.RegisterCallBack=
ProjectManager.StackSize=0x400
ProjectManager.TargetToolchain=EWARM V8.50
ProjectManager.ToolChainLocation=
ProjectManager.UAScriptAfterPath=
ProjectManager.UAScriptBeforePath=
ProjectManager.UnderRoot=false
ProjectManager.functionlistsort=1-MX_GPIO_Init-GPIO-false-HAL-true,2-MX_GPDMA1_Init-GPDMA1-false-HAL-true,3-SystemClock_Config-RCC-false-HAL-false,4-MX_ICACHE_Init-ICACHE-false-HAL-true,false-5-MX_ADC1_Init-ADC1-false-HAL-false,false-6-MX_I2C1_Init-I2C1-false-HAL-false,7-MX_UCPD1_Init-UCPD1-false-LL-true,8-MX_USB_OTG_FS_PCD_Init-USB_OTG_FS-true-HAL-false,9-MX_USBPD_Init-USBPD-true-HAL-false,10-MX_USBX_Init-USBX-true-HAL-false,0-MX_CORTEX_M33_NS_Init-CORTEX_M33_NS-false-HAL-true,0-MX_PWR_Init-PWR-false-HAL-true
RCC.ADCFreq_Value=16000000
RCC.ADF1Freq_Value=160000000
RCC.AHBFreq_Value=160000000
RCC.APB1Freq_Value=160000000
RCC.APB1TimFreq_Value=160000000
RCC.APB2Freq_Value=160000000
RCC.APB2TimFreq_Value=160000000
RCC.APB3Freq_Value=160000000
RCC.CK48Freq_Value=48000000
RCC.CRSFreq_Value=48000000
RCC.CortexFreq_Value=160000000
RCC.DACCLockSelectionVirtual=RCC_DAC1CLKSOURCE_LSI
RCC.DACFreq_Value=32000
RCC.EPOD_VALUE=16000000
RCC.FCLKCortexFreq_Value=160000000
RCC.FDCANFreq_Value=80000000
RCC.FLatency=FLASH_LATENCY_4
RCC.FamilyName=M
RCC.HCLKFreq_Value=160000000
RCC.HSE_VALUE=16000000
RCC.HSI48_VALUE=48000000
RCC.HSI_VALUE=16000000
RCC.I2C1Freq_Value=160000000
RCC.I2C2Freq_Value=160000000
RCC.I2C3Freq_Value=160000000
RCC.I2C4Freq_Value=160000000
RCC.IPParameters=ADCFreq_Value,ADF1Freq_Value,AHBFreq_Value,APB1Freq_Value,APB1TimFreq_Value,APB2Freq_Value,APB2TimFreq_Value,APB3Freq_Value,CK48Freq_Value,CRSFreq_Value,CortexFreq_Value,DACCLockSelectionVirtual,DACFreq_Value,EPOD_VALUE,FCLKCortexFreq_Value,FDCANFreq_Value,FLatency,FamilyName,HCLKFreq_Value,HSE_VALUE,HSI48_VALUE,HSI_VALUE,I2C1Freq_Value,I2C2Freq_Value,I2C3Freq_Value,I2C4Freq_Value,LPTIM2Freq_Value,LPUART1Freq_Value,LSCOPinFreq_Value,LSE_VALUE,LSIDIV_VALUE,LSI_VALUE,MCO1PinFreq_Value,MDF1Freq_Value,MSI_VALUE,OCTOSPIMFreq_Value,PLL1R,PLL2PoutputFreq_Value,PLL2QoutputFreq_Value,PLL2RoutputFreq_Value,PLL3PoutputFreq_Value,PLL3QoutputFreq_Value,PLL3RoutputFreq_Value,PLLN,PLLPoutputFreq_Value,PLLQoutputFreq_Value,PLLRCLKFreq_Value,PLLSourceVirtual,PWR_Regulator_Voltage_Scale,RNGFreq_Value,SAESFreq_Value,SAI1Freq_Value,SAI2Freq_Value,SDMMCFreq_Value,SPI1Freq_Value,SPI2Freq_Value,SPI3Freq_Value,SYSCLKFreq_VALUE,SYSCLKSource,UART4Freq_Value,UART5Freq_Value,USART1Freq_Value,USART2Freq_Value,USART3Freq_Value,USBFreq_Value,VCOInput2Freq_Value,VCOInput3Freq_Value,VCOInputFreq_Value,VCOOutputFreq_Value,VCOPLL2OutputFreq_Value,VCOPLL3OutputFreq_Value
RCC.LPTIM2Freq_Value=160000000
RCC.LPUART1Freq_Value=160000000
RCC.LSCOPinFreq_Value=32000
RCC.LSE_VALUE=32768
RCC.LSIDIV_VALUE=32000
RCC.LSI_VALUE=32000
RCC.MCO1PinFreq_Value=160000000
RCC.MDF1Freq_Value=160000000
RCC.MSI_VALUE=4000000
RCC.OCTOSPIMFreq_Value=160000000
RCC.PLL1R=1
RCC.PLL2PoutputFreq_Value=258000000
RCC.PLL2QoutputFreq_Value=258000000
RCC.PLL2RoutputFreq_Value=258000000
RCC.PLL3PoutputFreq_Value=258000000
RCC.PLL3QoutputFreq_Value=258000000
RCC.PLL3RoutputFreq_Value=258000000
RCC.PLLN=10
RCC.PLLPoutputFreq_Value=80000000
RCC.PLLQoutputFreq_Value=80000000
RCC.PLLRCLKFreq_Value=160000000
RCC.PLLSourceVirtual=RCC_PLLSOURCE_HSI
RCC.PWR_Regulator_Voltage_Scale=PWR_REGULATOR_VOLTAGE_SCALE1
RCC.RNGFreq_Value=48000000
RCC.SAESFreq_Value=48000000
RCC.SAI1Freq_Value=258000000
RCC.SAI2Freq_Value=258000000
RCC.SDMMCFreq_Value=80000000
RCC.SPI1Freq_Value=160000000
RCC.SPI2Freq_Value=160000000
RCC.SPI3Freq_Value=160000000
RCC.SYSCLKFreq_VALUE=160000000
RCC.SYSCLKSource=RCC_SYSCLKSOURCE_PLLCLK
RCC.UART4Freq_Value=160000000
RCC.UART5Freq_Value=160000000
RCC.USART1Freq_Value=160000000
RCC.USART2Freq_Value=160000000
RCC.USART3Freq_Value=160000000
RCC.USBFreq_Value=48000000
RCC.VCOInput2Freq_Value=4000000
RCC.VCOInput3Freq_Value=4000000
RCC.VCOInputFreq_Value=16000000
RCC.VCOOutputFreq_Value=160000000
RCC.VCOPLL2OutputFreq_Value=516000000
RCC.VCOPLL3OutputFreq_Value=516000000
USBPD.IPParameters=PE_SpecRevision_P0,PE_DR_Swap_To_DFP_P0,PE_DR_Swap_To_UFP_P0
USBPD.PE_DR_Swap_To_DFP_P0=USBPD_FALSE
USBPD.PE_DR_Swap_To_UFP_P0=USBPD_FALSE
USBPD.PE_SpecRevision_P0=USBPD_SPECIFICATION_REV3
USBX.BSP.number=1
USBX.Core_System=1
USBX.IPParameters=Core_System,UX_Device_CoreStack,UX_Device_Controller,UX_DEVICE_DFU,USBD_DFU_MEDIA,USBD_PID,USBD_PRODUCT_STRING,USBD_SERIAL_NUMBER,UX_SLAVE_REQUEST_CONTROL_MAX_LENGTH,UX_DEVICE_APP_MEM_POOL_SIZE,USBD_COMPOSITE_USE_IAD,USBD_DFU_BM_ATTRIBUTES,MEDIA_ERASE_TIME,MEDIA_PROGRAM_TIME,USBX_DEVICE_SYS_SIZE,REG_USBX_DEVICE_CON_CK,MAX_POWER_IN_MILLI_AMPER,UX_DEVICE_CLASS_DFU_ERROR_GET_ENABLE
USBX.MAX_POWER_IN_MILLI_AMPER=0
USBX.MEDIA_ERASE_TIME=5
USBX.MEDIA_PROGRAM_TIME=5
USBX.REG_USBX_DEVICE_CON_CK=1
USBX.USBD_COMPOSITE_USE_IAD=0
USBX.USBD_DFU_BM_ATTRIBUTES=11
USBX.USBD_DFU_MEDIA=@Internal Flash   /0x08000000/16*8Ka,240*8Kg
USBX.USBD_PID=57105
USBX.USBD_PRODUCT_STRING=STM Device in DFU Mode
USBX.USBD_SERIAL_NUMBER=DFU001
USBX.USBX_DEVICE_SYS_SIZE=4*1024
USBX.UX_DEVICE_APP_MEM_POOL_SIZE=7168
USBX.UX_DEVICE_CLASS_DFU_ERROR_GET_ENABLE=1
USBX.UX_DEVICE_DFU=1
USBX.UX_Device_Controller=1
USBX.UX_Device_CoreStack=1
USBX.UX_SLAVE_REQUEST_CONTROL_MAX_LENGTH=1024
USBX0.BSP.STBoard=false
USBX0.BSP.api=Unknown
USBX0.BSP.component=
USBX0.BSP.condition=
USBX0.BSP.instance=USB_OTG_FS
USBX0.BSP.ip=USB_OTG_FS
USBX0.BSP.mode=Device_Only
USBX0.BSP.name=USBDevice
USBX0.BSP.semaphore=
USBX0.BSP.solution=USB_OTG_FS
USB_OTG_FS.IPParameters=VirtualMode
USB_OTG_FS.VirtualMode=Device_Only
VP_GPDMA1_VS_GPDMACH3.Mode=SIMPLEREQUEST_GPDMACH3
VP_GPDMA1_VS_GPDMACH3.Signal=GPDMA1_VS_GPDMACH3
VP_GPDMA1_VS_GPDMACH5.Mode=SIMPLEREQUEST_GPDMACH5
VP_GPDMA1_VS_GPDMACH5.Signal=GPDMA1_VS_GPDMACH5
VP_ICACHE_VS_ICACHE.Mode=DirectMappedCache
VP_ICACHE_VS_ICACHE.Signal=ICACHE_VS_ICACHE
VP_LPBAMQUEUE_VS_QUEUE.Mode=QUEUEMODE
VP_LPBAMQUEUE_VS_QUEUE.Signal=LPBAMQUEUE_VS_QUEUE
VP_LPBAM_VS_SIG1.Mode=SmartRun
VP_LPBAM_VS_SIG1.Signal=LPBAM_VS_SIG1
VP_LPBAM_VS_SIG2.Signal=LPBAM_VS_SIG2
VP_LPBAM_VS_SIG4.Mode=LPDMA1
VP_LPBAM_VS_SIG4.Signal=LPBAM_VS_SIG4
VP_LPBAM_VS_SIGPW.Signal=LPBAM_VS_SIGPW
VP_LPBAM_VS_SIGPWOPT.Signal=LPBAM_VS_SIGPWOPT
VP_PWR_VS_DBSignals.Mode=DisableDeadBatterySignals
VP_PWR_VS_DBSignals.Signal=PWR_VS_DBSignals
VP_PWR_VS_LPOM.Mode=PowerOptimisation
VP_PWR_VS_LPOM.Signal=PWR_VS_LPOM
VP_PWR_VS_SECSignals.Mode=Security/Privilege
VP_PWR_VS_SECSignals.Signal=PWR_VS_SECSignals
VP_RCC_USB.Mode=CRS SYNC Source USB
VP_RCC_USB.Signal=RCC_USB
VP_SYS_VS_tim6.Mode=TIM6
VP_SYS_VS_tim6.Signal=SYS_VS_tim6
VP_THREADX_VS_RTOSJjThreadXJjCoreJjDefault.Mode=Core_Default
VP_THREADX_VS_RTOSJjThreadXJjCoreJjDefault.Signal=THREADX_VS_RTOSJjThreadXJjCoreJjDefault
VP_USBPD_VS_PD3TYPEC.Mode=PD3_TypeC
VP_USBPD_VS_PD3TYPEC.Signal=USBPD_VS_PD3TYPEC
VP_USBPD_VS_USBPD1.Mode=USBPD_P0
VP_USBPD_VS_USBPD1.Signal=USBPD_VS_USBPD1
VP_USBPD_VS_usbpd_tim2.Mode=TIM2
VP_USBPD_VS_usbpd_tim2.Signal=USBPD_VS_usbpd_tim2
VP_USBPD_VS_usbpd_usb_cohabitation.Mode=Enable USB Support
VP_USBPD_VS_usbpd_usb_cohabitation.Signal=USBPD_VS_usbpd_usb_cohabitation
VP_USBX_Core_System.Mode=Core_System
VP_USBX_Core_System.Signal=USBX_Core_System
VP_USBX_UX\ Device\ Controller_FS.Mode=UX_Device_Controller_FS
VP_USBX_UX\ Device\ Controller_FS.Signal=USBX_UX Device Controller_FS
VP_USBX_UX\ Device\ CoreStack_FS.Mode=UX_Device_CoreStack_FS
VP_USBX_UX\ Device\ CoreStack_FS.Signal=USBX_UX Device CoreStack_FS
VP_USBX_UX\ Device\ DFU_FS.Mode=UX_Device_class_DFU_FS
VP_USBX_UX\ Device\ DFU_FS.Signal=USBX_UX Device DFU_FS
board=custom
ProjectManager.Example=Ux_Device_DFU
ProjectManager.ExampleSource=CubeFw
