#MicroXplorer Configuration settings - do not modify
CORTEX_M33_NS.userName=CORTEX_M33
File.Version=6
GPDMA1.DESTINC_GPDMACH3=DMA_DINC_INCREMENTED
GPDMA1.IPParameters=SRCINC_GPDMACH3,DESTINC_GPDMACH3,TRANSFERALLOCATEDPORTDEST_GPDMACH3,PRIORITY_LL_GPDMACH6,LINKALLOCATEDPORT_GPDMACH6,PRIORITY_LL_GPDMACH5,LINKALLOCATEDPORT_GPDMACH5
GPDMA1.LINKALLOCATEDPORT_GPDMACH5=DMA_LINK_ALLOCATED_PORT1
GPDMA1.LINKALLOCATEDPORT_GPDMACH6=DMA_LINK_ALLOCATED_PORT1
GPDMA1.PRIORITY_LL_GPDMACH5=DMA_HIGH_PRIORITY
GPDMA1.PRIORITY_LL_GPDMACH6=DMA_HIGH_PRIORITY
GPDMA1.SRCINC_GPDMACH3=DMA_SINC_INCREMENTED
GPDMA1.TRANSFERALLOCATEDPORTDEST_GPDMACH3=DMA_DEST_ALLOCATED_PORT1
GPIO.groupedBy=Group By Peripherals
I2C2.AddressingMode=I2C_ADDRESSINGMODE_10BIT
I2C2.AutonomousMode=AUTONOMOUS_MODE_ENABLE
I2C2.IPParameters=Timing,AddressingMode,AutonomousMode,TriggerSelection
I2C2.Timing=0x30909DEC
I2C2.TriggerSelection=I2C_GRP1_GPDMA_CH3_TCF_TRG
KeepUserPlacement=false
Linkedlist.MDMA_Channel0.GP_SW.0.BlkHWRequest=DMA_BREQ_SINGLE_BURST
Linkedlist.MDMA_Channel0.GP_SW.0.DataHandling=NONE
Linkedlist.MDMA_Channel0.GP_SW.0.DataSize=0
Linkedlist.MDMA_Channel0.GP_SW.0.DestBurstLength=1
Linkedlist.MDMA_Channel0.GP_SW.0.DestDataWidth=DMA_DEST_DATAWIDTH_BYTE
Linkedlist.MDMA_Channel0.GP_SW.0.DestInc=DMA_DINC_FIXED
Linkedlist.MDMA_Channel0.GP_SW.0.Direction=DMA_MEMORY_TO_PERIPH
Linkedlist.MDMA_Channel0.GP_SW.0.DstAddress=0
Linkedlist.MDMA_Channel0.GP_SW.0.Instance=MDMA_Channel0
Linkedlist.MDMA_Channel0.GP_SW.0.LL_MASTERDMA=GPDMA
Linkedlist.MDMA_Channel0.GP_SW.0.LL_NAME=Queue_tx
Linkedlist.MDMA_Channel0.GP_SW.0.LL_TYPE=LINEAR
Linkedlist.MDMA_Channel0.GP_SW.0.NODE_NAME=Node_tx
Linkedlist.MDMA_Channel0.GP_SW.0.RequestParameters=LL_NAME,LL_MASTERDMA,LL_TYPE,NODE_NAME,BlkHWRequest,Requestforcodegen,Direction,SrcInc,DestInc,SrcDataWidth,DestDataWidth,SrcBurstLength,DestBurstLength,TransferAllocatedPortSrc,TransferEventMode,DataHandling,TriggerPolarity,SrcAddress,DstAddress,DataSize
Linkedlist.MDMA_Channel0.GP_SW.0.Requestforcodegen=GPDMA1_REQUEST_I2C2_TX
Linkedlist.MDMA_Channel0.GP_SW.0.SrcAddress=0
Linkedlist.MDMA_Channel0.GP_SW.0.SrcBurstLength=1
Linkedlist.MDMA_Channel0.GP_SW.0.SrcDataWidth=DMA_SRC_DATAWIDTH_BYTE
Linkedlist.MDMA_Channel0.GP_SW.0.SrcInc=DMA_SINC_INCREMENTED
Linkedlist.MDMA_Channel0.GP_SW.0.TransferAllocatedPortSrc=DMA_SRC_ALLOCATED_PORT0
Linkedlist.MDMA_Channel0.GP_SW.0.TransferEventMode=DMA_TCEM_BLOCK_TRANSFER
Linkedlist.MDMA_Channel0.GP_SW.0.TriggerPolarity=DMA_TRIG_POLARITY_MASKED
Linkedlist.MDMA_Channel0.Request0=GP_SW
Linkedlist.MDMA_Channel0.RequestsNb=1
Linkedlist.MDMA_Channel1.GP_SW.0.BlkHWRequest=DMA_BREQ_SINGLE_BURST
Linkedlist.MDMA_Channel1.GP_SW.0.DataHandling=NONE
Linkedlist.MDMA_Channel1.GP_SW.0.DataSize=0
Linkedlist.MDMA_Channel1.GP_SW.0.DestBurstLength=1
Linkedlist.MDMA_Channel1.GP_SW.0.DestDataWidth=DMA_DEST_DATAWIDTH_BYTE
Linkedlist.MDMA_Channel1.GP_SW.0.DestInc=DMA_DINC_INCREMENTED
Linkedlist.MDMA_Channel1.GP_SW.0.Direction=DMA_PERIPH_TO_MEMORY
Linkedlist.MDMA_Channel1.GP_SW.0.DstAddress=0
Linkedlist.MDMA_Channel1.GP_SW.0.Instance=MDMA_Channel1
Linkedlist.MDMA_Channel1.GP_SW.0.LL_MASTERDMA=GPDMA
Linkedlist.MDMA_Channel1.GP_SW.0.LL_NAME=Queue_rx
Linkedlist.MDMA_Channel1.GP_SW.0.LL_TYPE=LINEAR
Linkedlist.MDMA_Channel1.GP_SW.0.NODE_NAME=Node_rx
Linkedlist.MDMA_Channel1.GP_SW.0.RequestParameters=LL_NAME,LL_MASTERDMA,LL_TYPE,NODE_NAME,BlkHWRequest,Requestforcodegen,Direction,SrcInc,DestInc,SrcDataWidth,DestDataWidth,SrcBurstLength,DestBurstLength,TransferAllocatedPortSrc,TransferEventMode,DataHandling,TriggerPolarity,SrcAddress,DstAddress,DataSize
Linkedlist.MDMA_Channel1.GP_SW.0.Requestforcodegen=GPDMA1_REQUEST_I2C2_RX
Linkedlist.MDMA_Channel1.GP_SW.0.SrcAddress=0
Linkedlist.MDMA_Channel1.GP_SW.0.SrcBurstLength=1
Linkedlist.MDMA_Channel1.GP_SW.0.SrcDataWidth=DMA_SRC_DATAWIDTH_BYTE
Linkedlist.MDMA_Channel1.GP_SW.0.SrcInc=DMA_SINC_FIXED
Linkedlist.MDMA_Channel1.GP_SW.0.TransferAllocatedPortSrc=DMA_SRC_ALLOCATED_PORT0
Linkedlist.MDMA_Channel1.GP_SW.0.TransferEventMode=DMA_TCEM_BLOCK_TRANSFER
Linkedlist.MDMA_Channel1.GP_SW.0.TriggerPolarity=DMA_TRIG_POLARITY_MASKED
Linkedlist.MDMA_Channel1.Request0=GP_SW
Linkedlist.MDMA_Channel1.RequestsNb=1
Linkedlist.RequestSet0=MDMA_Channel0
Linkedlist.RequestSet1=MDMA_Channel1
Linkedlist.RequestSetsNb=2
Mcu.ContextProject=TrustZoneDisabled
Mcu.Family=STM32U5
Mcu.IP0=CORTEX_M33_NS
Mcu.IP1=GPDMA1
Mcu.IP2=I2C2
Mcu.IP3=ICACHE
Mcu.IP4=LINKEDLIST
Mcu.IP5=NVIC
Mcu.IP6=PWR
Mcu.IP7=RCC
Mcu.IP8=SYS
Mcu.IPNb=9
Mcu.Name=STM32U575ZITxQ
Mcu.Package=LQFP144
Mcu.Pin0=PB10
Mcu.Pin1=PB11
Mcu.Pin2=VP_GPDMA1_VS_GPDMACH3
Mcu.Pin3=VP_GPDMA1_VS_GPDMACH5
Mcu.Pin4=VP_GPDMA1_VS_GPDMACH6
Mcu.Pin5=VP_ICACHE_VS_ICACHE
Mcu.Pin6=VP_PWR_VS_DBSignals
Mcu.Pin7=VP_PWR_VS_SECSignals
Mcu.Pin8=VP_SYS_VS_Systick
Mcu.PinsNb=9
Mcu.ThirdPartyNb=0
Mcu.UserConstants=
Mcu.UserName=STM32U575ZITxQ
MxCube.Version=6.3.0
MxDb.Version=DB.6.0.30
NVIC.BusFault_IRQn=true\:0\:0\:false\:false\:true\:false\:false
NVIC.DebugMonitor_IRQn=true\:0\:0\:false\:false\:true\:false\:false
NVIC.ForceEnableDMAVector=true
NVIC.GPDMA1_Channel3_IRQn=true\:0\:0\:false\:false\:true\:true\:true
NVIC.GPDMA1_Channel5_IRQn=true\:0\:0\:false\:false\:true\:true\:true
NVIC.GPDMA1_Channel6_IRQn=true\:0\:0\:false\:false\:true\:true\:true
NVIC.HardFault_IRQn=true\:0\:0\:false\:false\:true\:false\:false
NVIC.I2C2_ER_IRQn=true\:0\:0\:false\:false\:true\:true\:true
NVIC.I2C2_EV_IRQn=true\:0\:0\:false\:false\:true\:true\:true
NVIC.MemoryManagement_IRQn=true\:0\:0\:false\:false\:true\:false\:false
NVIC.NonMaskableInt_IRQn=true\:0\:0\:false\:false\:true\:false\:false
NVIC.PendSV_IRQn=true\:0\:0\:false\:false\:true\:false\:false
NVIC.PriorityGroup=NVIC_PRIORITYGROUP_4
NVIC.SVCall_IRQn=true\:0\:0\:false\:false\:true\:false\:false
NVIC.SysTick_IRQn=true\:15\:0\:false\:false\:true\:false\:true
NVIC.UsageFault_IRQn=true\:0\:0\:false\:false\:true\:false\:false
PB10.GPIOParameters=GPIO_Speed,GPIO_Pu
PB10.GPIO_Pu=GPIO_PULLUP
PB10.GPIO_Speed=GPIO_SPEED_FREQ_VERY_HIGH
PB10.Locked=true
PB10.Mode=I2C
PB10.Signal=I2C2_SCL
PB11.GPIOParameters=GPIO_Speed,GPIO_Pu
PB11.GPIO_Pu=GPIO_PULLUP
PB11.GPIO_Speed=GPIO_SPEED_FREQ_VERY_HIGH
PB11.Locked=true
PB11.Mode=I2C
PB11.Signal=I2C2_SDA
PinOutPanel.RotationAngle=0
ProjectManager.AskForMigrate=true
ProjectManager.BackupPrevious=false
ProjectManager.CompilerOptimize=6
ProjectManager.ComputerToolchain=false
ProjectManager.CoupleFile=false
ProjectManager.DeletePrevious=true
ProjectManager.DeviceId=STM32U575ZITxQ
ProjectManager.FreePins=false
ProjectManager.HalAssertFull=false
ProjectManager.HeapSize=0x200
ProjectManager.KeepUserCode=true
ProjectManager.LastFirmware=true
ProjectManager.LibraryCopy=2
ProjectManager.MainLocation=Src
ProjectManager.NoMain=false
ProjectManager.PreviousToolchain=
ProjectManager.ProjectBuild=false
ProjectManager.ProjectFileName=I2C_TwoBoards_ComDMA_Autonomous_Master.ioc
ProjectManager.ProjectName=I2C_TwoBoards_ComDMA_Autonomous_Master
ProjectManager.RegisterCallBack=
ProjectManager.StackSize=0x400
ProjectManager.TargetToolchain=EWARM V8
ProjectManager.ToolChainLocation=
ProjectManager.UnderRoot=false
ProjectManager.functionlistsort=1-SystemClock_Config-RCC-false-HAL-false,2-MX_ICACHE_Init-ICACHE-false-HAL-true,3-MX_GPIO_Init-GPIO-false-HAL-true,4-MX_GPDMA1_Init-GPDMA1-false-HAL-true,5-MX_I2C2_Init-I2C2-false-HAL-true,0-MX_CORTEX_M33_NS_Init-CORTEX_M33_NS-false-HAL-true,0-MX_PWR_Init-PWR-false-HAL-true
RCC.ADF1Freq_Value=160000000
RCC.AHBFreq_Value=160000000
RCC.APB1Freq_Value=160000000
RCC.APB1TimFreq_Value=160000000
RCC.APB2Freq_Value=160000000
RCC.APB2TimFreq_Value=160000000
RCC.APB3Freq_Value=160000000
RCC.CK48Freq_Value=48000000
RCC.CRSFreq_Value=48000000
RCC.CortexFreq_Value=160000000
RCC.DACCLockSelectionVirtual=RCC_DAC1CLKSOURCE_LSI
RCC.DACCLockSelectionVirtualString=RCC_DAC1CLKSOURCE_LSI
RCC.DACFreq_Value=32000
RCC.EPOD_VALUE=4000000
RCC.FCLKCortexFreq_Value=160000000
RCC.FDCANFreq_Value=160000000
RCC.FamilyName=M
RCC.HCLKFreq_Value=160000000
RCC.HSE_VALUE=16000000
RCC.HSI48_VALUE=48000000
RCC.HSI_VALUE=16000000
RCC.I2C1Freq_Value=160000000
RCC.I2C2Freq_Value=160000000
RCC.I2C3Freq_Value=160000000
RCC.I2C4Freq_Value=160000000
RCC.IPParameters=ADF1Freq_Value,AHBFreq_Value,APB1Freq_Value,APB1TimFreq_Value,APB2Freq_Value,APB2TimFreq_Value,APB3Freq_Value,CK48Freq_Value,CRSFreq_Value,CortexFreq_Value,DACCLockSelectionVirtual,DACCLockSelectionVirtualString,DACFreq_Value,EPOD_VALUE,FCLKCortexFreq_Value,FDCANFreq_Value,FamilyName,HCLKFreq_Value,HSE_VALUE,HSI48_VALUE,HSI_VALUE,I2C1Freq_Value,I2C2Freq_Value,I2C3Freq_Value,I2C4Freq_Value,LPTIM2Freq_Value,LPUART1Freq_Value,LSCOPinFreq_Value,LSE_VALUE,LSIDIV_VALUE,LSI_VALUE,MCO1PinFreq_Value,MDF1Freq_Value,MSI_VALUE,OCTOSPIMFreq_Value,PLL2PoutputFreq_Value,PLL2QoutputFreq_Value,PLL2RoutputFreq_Value,PLL3PoutputFreq_Value,PLL3QoutputFreq_Value,PLL3RoutputFreq_Value,PLLN,PLLPoutputFreq_Value,PLLQoutputFreq_Value,PLLRCLKFreq_Value,RNGFreq_Value,SAI1Freq_Value,SAI2Freq_Value,SDMMCFreq_Value,SPI1Freq_Value,SPI2Freq_Value,SPI3Freq_Value,SYSCLKFreq_VALUE,SYSCLKSource,UART4Freq_Value,UART5Freq_Value,USART1Freq_Value,USART2Freq_Value,USART3Freq_Value,USBFreq_Value,VCOInput2Freq_Value,VCOInput3Freq_Value,VCOInputFreq_Value,VCOOutputFreq_Value,VCOPLL2OutputFreq_Value,VCOPLL3OutputFreq_Value
RCC.LPTIM2Freq_Value=160000000
RCC.LPUART1Freq_Value=160000000
RCC.LSCOPinFreq_Value=32000
RCC.LSE_VALUE=32768
RCC.LSIDIV_VALUE=32000
RCC.LSI_VALUE=32000
RCC.MCO1PinFreq_Value=160000000
RCC.MDF1Freq_Value=160000000
RCC.MSI_VALUE=4000000
RCC.OCTOSPIMFreq_Value=160000000
RCC.PLL2PoutputFreq_Value=258000000
RCC.PLL2QoutputFreq_Value=258000000
RCC.PLL2RoutputFreq_Value=258000000
RCC.PLL3PoutputFreq_Value=258000000
RCC.PLL3QoutputFreq_Value=258000000
RCC.PLL3RoutputFreq_Value=258000000
RCC.PLLN=80
RCC.PLLPoutputFreq_Value=160000000
RCC.PLLQoutputFreq_Value=160000000
RCC.PLLRCLKFreq_Value=160000000
RCC.RNGFreq_Value=48000000
RCC.SAI1Freq_Value=258000000
RCC.SAI2Freq_Value=258000000
RCC.SDMMCFreq_Value=160000000
RCC.SPI1Freq_Value=160000000
RCC.SPI2Freq_Value=160000000
RCC.SPI3Freq_Value=160000000
RCC.SYSCLKFreq_VALUE=160000000
RCC.SYSCLKSource=RCC_SYSCLKSOURCE_PLLCLK
RCC.UART4Freq_Value=160000000
RCC.UART5Freq_Value=160000000
RCC.USART1Freq_Value=160000000
RCC.USART2Freq_Value=160000000
RCC.USART3Freq_Value=160000000
RCC.USBFreq_Value=48000000
RCC.VCOInput2Freq_Value=4000000
RCC.VCOInput3Freq_Value=4000000
RCC.VCOInputFreq_Value=4000000
RCC.VCOOutputFreq_Value=320000000
RCC.VCOPLL2OutputFreq_Value=516000000
RCC.VCOPLL3OutputFreq_Value=516000000
VP_GPDMA1_VS_GPDMACH3.Mode=SIMPLEREQUEST_GPDMACH3
VP_GPDMA1_VS_GPDMACH3.Signal=GPDMA1_VS_GPDMACH3
VP_GPDMA1_VS_GPDMACH5.Mode=LINKEDLIST_GPDMACH5
VP_GPDMA1_VS_GPDMACH5.Signal=GPDMA1_VS_GPDMACH5
VP_GPDMA1_VS_GPDMACH6.Mode=LINKEDLIST_GPDMACH6
VP_GPDMA1_VS_GPDMACH6.Signal=GPDMA1_VS_GPDMACH6
VP_ICACHE_VS_ICACHE.Mode=DirectMappedCache
VP_ICACHE_VS_ICACHE.Signal=ICACHE_VS_ICACHE
VP_PWR_VS_DBSignals.Mode=DisableDeadBatterySignals
VP_PWR_VS_DBSignals.Signal=PWR_VS_DBSignals
VP_PWR_VS_SECSignals.Mode=Security/Privilege
VP_PWR_VS_SECSignals.Signal=PWR_VS_SECSignals
VP_SYS_VS_Systick.Mode=SysTick
VP_SYS_VS_Systick.Signal=SYS_VS_Systick
board=custom
ProjectManager.Example=I2C_TwoBoards_ComDMA_Autonomous_Master
ProjectManager.ExampleSource=CubeFw
