#MicroXplorer Configuration settings - do not modify
CAD.formats=
CAD.pinconfig=
CAD.provider=
CORTEX_M33_NS.userName=CORTEX_M33
CortexM33NS.IPs=CORTEX_M33_NS\:I,FILEX\:I,GPDMA1,GTZC_NS\:I,LEVELX\:I,LINKEDLIST,LPDMA1,NETXDUO\:I,PWR,RCC,RTC,SYS\:I,TAMP,THREADX\:I,USBX\:I,NVIC2\:I,GPIO\:I
CortexM33S.IPs=CORTEX_M33_S\:I,GPDMA1\:I,GTZC_S\:I,LINKEDLIST\:I,LPDMA1\:I,PWR\:I,RCC\:I,RTC\:I,SYS_S\:I,TAMP\:I,NVIC1\:I,ICACHE\:I,GPIO
File.Version=6
GPIO.groupedBy=Group By Peripherals
GTZC_S.IPParameters=MPCBB3_SecConfig_array,MPCBB3_Area_Privilege_Size,MPCBB1_Area_Privilege,MPCBB1_PrivConfig_array,MPCBB2_Area_Privilege,MPCBB2_PrivConfig_array,MPCBB4_Area_Privilege,MPCBB4_PrivConfig_array
GTZC_S.MPCBB1_Area_Privilege=GTZC_MPCBB_REGION_PRIV
GTZC_S.MPCBB1_PrivConfig_array=00000000\:00000000\:00000000\:00000000\:00000000\:00000000\:00000000\:00000000\:00000000\:00000000\:00000000\:00000000
GTZC_S.MPCBB2_Area_Privilege=GTZC_MPCBB_REGION_PRIV
GTZC_S.MPCBB2_PrivConfig_array=00000000\:00000000\:00000000\:00000000
GTZC_S.MPCBB3_Area_Privilege_Size=0x0
GTZC_S.MPCBB3_SecConfig_array=00000000\:00000000\:00000000\:00000000\:00000000\:00000000\:00000000\:00000000\:00000000\:00000000\:00000000\:00000000\:00000000\:00000000\:00000000\:00000000\:00000000\:00000000\:00000000\:00000000\:00000000\:00000000\:00000000\:00000000\:00000000\:00000000\:00000000\:00000000\:00000000\:00000000\:00000000\:00000000
GTZC_S.MPCBB4_Area_Privilege=GTZC_MPCBB_REGION_PRIV
GTZC_S.MPCBB4_PrivConfig_array=00000000
KeepUserPlacement=false
Mcu.CPN=STM32U575ZIT6Q
Mcu.Context0=CortexM33S
Mcu.Context1=CortexM33NS
Mcu.ContextNb=2
Mcu.ContextProject=TrustZoneEnabled
Mcu.Family=STM32U5
Mcu.IP0=CORTEX_M33_NS
Mcu.IP1=CORTEX_M33_S
Mcu.IP10=SYS_S
Mcu.IP2=GTZC_S
Mcu.IP3=ICACHE
Mcu.IP4=NVIC2
Mcu.IP5=NVIC1
Mcu.IP6=PWR
Mcu.IP7=RCC
Mcu.IP8=RTC
Mcu.IP9=SYS
Mcu.IPNb=11
Mcu.Name=STM32U575ZITxQ
Mcu.Package=LQFP144
Mcu.Pin0=PC14-OSC32_IN (PC14)
Mcu.Pin1=PC15-OSC32_OUT (PC15)
Mcu.Pin10=VP_RTC_VS_RTC_WakeUp_intern
Mcu.Pin11=VP_RTC_VS_RTC_Alarm_B_Intern
Mcu.Pin12=VP_RTC_VS_RTC_Alarm_A_Intern
Mcu.Pin13=VP_SYS_VS_Systick
Mcu.Pin14=VP_SYS_S_VS_Systick
Mcu.Pin2=VP_GTZC_S_VS_GTZC_Enable
Mcu.Pin3=VP_ICACHE_VS_ICACHE
Mcu.Pin4=VP_ICACHE_VS_SECURE_ICACHE_REG
Mcu.Pin5=VP_PWR_VS_DBSignals
Mcu.Pin6=VP_PWR_VS_SECSignals
Mcu.Pin7=VP_PWR_VS_LPOM
Mcu.Pin8=VP_RTC_VS_RTC_Activate
Mcu.Pin9=VP_RTC_VS_RTC_Calendar
Mcu.PinsNb=15
Mcu.ThirdPartyNb=0
Mcu.UserConstants=
Mcu.UserName=STM32U575ZITxQ
MxCube.Version=6.8.0
MxDb.Version=DB.6.0.80
NVIC1.BFHFNMINS=0
NVIC1.BusFault_IRQn=true\:0\:0\:false\:false\:true\:false\:false\:false
NVIC1.DebugMonitor_IRQn=true\:0\:0\:false\:false\:true\:false\:false\:false
NVIC1.ForceEnableDMAVector=true
NVIC1.GTZC_IRQn=true\:0\:0\:false\:false\:true\:true\:true\:true
NVIC1.HardFault_IRQn=true\:0\:0\:false\:false\:true\:false\:false\:false
NVIC1.MemoryManagement_IRQn=true\:0\:0\:false\:false\:true\:false\:false\:false
NVIC1.NonMaskableInt_IRQn=true\:0\:0\:false\:false\:true\:false\:false\:false
NVIC1.PRIS=0
NVIC1.PendSV_IRQn=true\:0\:0\:false\:false\:true\:false\:false\:false
NVIC1.PriorityGroup=NVIC_PRIORITYGROUP_4
NVIC1.RTC_S_IRQn=true\:0\:0\:false\:false\:true\:true\:true\:true
NVIC1.SVCall_IRQn=true\:0\:0\:false\:false\:true\:false\:false\:false
NVIC1.SecureFault_IRQn=true\:0\:0\:false\:false\:true\:false\:false\:false
NVIC1.SysTick_IRQn=true\:15\:0\:false\:false\:true\:false\:true\:false
NVIC1.UsageFault_IRQn=true\:0\:0\:false\:false\:true\:false\:false\:false
NVIC2.BFHFNMINS=0
NVIC2.ForceEnableDMAVector=true
NVIC2.MemoryManagement_IRQn=true\:0\:0\:false\:false\:true\:false\:false\:false
NVIC2.PRIS=0
NVIC2.PendSV_IRQn=true\:0\:0\:false\:false\:true\:false\:false\:false
NVIC2.PriorityGroup=NVIC_PRIORITYGROUP_4
NVIC2.RTC_IRQn=true\:0\:0\:false\:false\:true\:true\:true\:true
NVIC2.SVCall_IRQn=true\:0\:0\:false\:false\:true\:false\:false\:false
NVIC2.SysTick_IRQn=true\:15\:0\:false\:false\:true\:false\:true\:false
NVIC2.UsageFault_IRQn=true\:0\:0\:false\:false\:true\:false\:false\:false
PC14-OSC32_IN\ (PC14).GPIOParameters=PinAttribute
PC14-OSC32_IN\ (PC14).Mode=LSE-External-Oscillator
PC14-OSC32_IN\ (PC14).PinAttribute=CortexM33S
PC14-OSC32_IN\ (PC14).Signal=RCC_OSC32_IN
PC15-OSC32_OUT\ (PC15).GPIOParameters=PinAttribute
PC15-OSC32_OUT\ (PC15).Mode=LSE-External-Oscillator
PC15-OSC32_OUT\ (PC15).PinAttribute=CortexM33S
PC15-OSC32_OUT\ (PC15).Signal=RCC_OSC32_OUT
PWR.IPParameters=PowerMode
PWR.PowerMode=PWR_SMPS_SUPPLY
PinOutPanel.RotationAngle=0
ProjectManager.AskForMigrate=true
ProjectManager.BackupPrevious=false
ProjectManager.CompilerOptimize=6
ProjectManager.ComputerToolchain=false
ProjectManager.CoupleFile=false
ProjectManager.DeletePrevious=true
ProjectManager.DeviceId=STM32U575ZITxQ
ProjectManager.FreePins=false
ProjectManager.HalAssertFull=false
ProjectManager.HeapSize=M33S-0x200,M33NS-0x200
ProjectManager.KeepUserCode=true
ProjectManager.LPBAM.generateCode=
ProjectManager.LastFirmware=true
ProjectManager.LibraryCopy=2
ProjectManager.MainLocation=Src
ProjectManager.NoMain=false
ProjectManager.PreviousToolchain=
ProjectManager.ProjectBuild=false
ProjectManager.ProjectFileName=RTC_TrustZone.ioc
ProjectManager.ProjectName=RTC_TrustZone
ProjectManager.RegisterCallBack=
ProjectManager.StackSize=M33S-0x400,M33NS-0x400
ProjectManager.TargetToolchain=EWARM V8.50
ProjectManager.ToolChainLocation=
ProjectManager.UnderRoot=false
ProjectManager.functionlistsort=1-MX_GPIO_Init-GPIO-false-HAL-true-CortexM33S,2-MX_GTZC_S_Init-GTZC_S-false-HAL-true-CortexM33S,3-SystemClock_Config-RCC-false-HAL-false-CortexM33S,4-MX_RTC_Init-RTC-false-HAL-true-CortexM33S,5-MX_ICACHE_Init-ICACHE-false-HAL-true-CortexM33S,1-SystemClock_Config-RCC-true-HAL-false-CortexM33NS,2-MX_RTC_Init-RTC-false-HAL-true-CortexM33NS,0-MX_PWR_Init-PWR-false-HAL-true-CortexM33S,0-MX_CORTEX_M33_S_Init-CORTEX_M33_S-false-HAL-true-CortexM33S,0-MX_CORTEX_M33_NS_Init-CORTEX_M33_NS-false-HAL-true-CortexM33NS,0-MX_PWR_Init-PWR-false-HAL-true-CortexM33NS
RCC.ADCFreq_Value=16000000
RCC.ADF1Freq_Value=160000000
RCC.AHBFreq_Value=160000000
RCC.APB1Freq_Value=160000000
RCC.APB1TimFreq_Value=160000000
RCC.APB2Freq_Value=160000000
RCC.APB2TimFreq_Value=160000000
RCC.APB3Freq_Value=160000000
RCC.CK48Freq_Value=48000000
RCC.CRSFreq_Value=48000000
RCC.CortexFreq_Value=160000000
RCC.DACCLockSelectionVirtual=RCC_DAC1CLKSOURCE_LSI
RCC.DACCLockSelectionVirtualString=RCC_DAC1CLKSOURCE_LSI
RCC.DACFreq_Value=32000
RCC.EPOD_VALUE=4000000
RCC.FCLKCortexFreq_Value=160000000
RCC.FDCANFreq_Value=160000000
RCC.FLatency=FLASH_LATENCY_4
RCC.FamilyName=M
RCC.HCLKFreq_Value=160000000
RCC.HSE_VALUE=16000000
RCC.HSI48_VALUE=48000000
RCC.HSI_VALUE=16000000
RCC.I2C1Freq_Value=160000000
RCC.I2C2Freq_Value=160000000
RCC.I2C3Freq_Value=160000000
RCC.I2C4Freq_Value=160000000
RCC.IPParameters=ADCFreq_Value,ADF1Freq_Value,AHBFreq_Value,APB1Freq_Value,APB1TimFreq_Value,APB2Freq_Value,APB2TimFreq_Value,APB3Freq_Value,CK48Freq_Value,CRSFreq_Value,CortexFreq_Value,DACCLockSelectionVirtual,DACCLockSelectionVirtualString,DACFreq_Value,EPOD_VALUE,FCLKCortexFreq_Value,FDCANFreq_Value,FLatency,FamilyName,HCLKFreq_Value,HSE_VALUE,HSI48_VALUE,HSI_VALUE,I2C1Freq_Value,I2C2Freq_Value,I2C3Freq_Value,I2C4Freq_Value,LPTIM2Freq_Value,LPUART1Freq_Value,LSCOPinFreq_Value,LSE_Drive_Capability,LSIDIV_VALUE,LSI_VALUE,MCO1PinFreq_Value,MDF1Freq_Value,MSI_VALUE,OCTOSPIMFreq_Value,PLL2PoutputFreq_Value,PLL2QoutputFreq_Value,PLL2RoutputFreq_Value,PLL3PoutputFreq_Value,PLL3QoutputFreq_Value,PLL3RoutputFreq_Value,PLLN,PLLPoutputFreq_Value,PLLQoutputFreq_Value,PLLRCLKFreq_Value,PWR_Regulator_Voltage_Scale,RNGFreq_Value,RTCClockSelection,RTCFreq_Value,SAI1Freq_Value,SAI2Freq_Value,SDMMCFreq_Value,SPI1Freq_Value,SPI2Freq_Value,SPI3Freq_Value,SYSCLKFreq_VALUE,SYSCLKSource,UART4Freq_Value,UART5Freq_Value,USART1Freq_Value,USART2Freq_Value,USART3Freq_Value,USBFreq_Value,VCOInput2Freq_Value,VCOInput3Freq_Value,VCOInputFreq_Value,VCOOutputFreq_Value,VCOPLL2OutputFreq_Value,VCOPLL3OutputFreq_Value
RCC.LPTIM2Freq_Value=160000000
RCC.LPUART1Freq_Value=160000000
RCC.LSCOPinFreq_Value=32000
RCC.LSE_Drive_Capability=RCC_LSEDRIVE_MEDIUMHIGH
RCC.LSIDIV_VALUE=32000
RCC.LSI_VALUE=32000
RCC.MCO1PinFreq_Value=160000000
RCC.MDF1Freq_Value=160000000
RCC.MSI_VALUE=4000000
RCC.OCTOSPIMFreq_Value=160000000
RCC.PLL2PoutputFreq_Value=258000000
RCC.PLL2QoutputFreq_Value=258000000
RCC.PLL2RoutputFreq_Value=258000000
RCC.PLL3PoutputFreq_Value=258000000
RCC.PLL3QoutputFreq_Value=258000000
RCC.PLL3RoutputFreq_Value=258000000
RCC.PLLN=80
RCC.PLLPoutputFreq_Value=160000000
RCC.PLLQoutputFreq_Value=160000000
RCC.PLLRCLKFreq_Value=160000000
RCC.PWR_Regulator_Voltage_Scale=PWR_REGULATOR_VOLTAGE_SCALE1
RCC.RNGFreq_Value=48000000
RCC.RTCClockSelection=RCC_RTCCLKSOURCE_LSE
RCC.RTCFreq_Value=32768
RCC.SAI1Freq_Value=258000000
RCC.SAI2Freq_Value=258000000
RCC.SDMMCFreq_Value=160000000
RCC.SPI1Freq_Value=160000000
RCC.SPI2Freq_Value=160000000
RCC.SPI3Freq_Value=160000000
RCC.SYSCLKFreq_VALUE=160000000
RCC.SYSCLKSource=RCC_SYSCLKSOURCE_PLLCLK
RCC.SecureElements=RTCClkSource
RCC.UART4Freq_Value=160000000
RCC.UART5Freq_Value=160000000
RCC.USART1Freq_Value=160000000
RCC.USART2Freq_Value=160000000
RCC.USART3Freq_Value=160000000
RCC.USBFreq_Value=48000000
RCC.VCOInput2Freq_Value=4000000
RCC.VCOInput3Freq_Value=4000000
RCC.VCOInputFreq_Value=4000000
RCC.VCOOutputFreq_Value=320000000
RCC.VCOPLL2OutputFreq_Value=516000000
RCC.VCOPLL3OutputFreq_Value=516000000
RTC.Alarm-Alarm\ A=RTC_ALARM_A
RTC.Alarm_B-Alarm\ B=RTC_ALARM_B
RTC.Hours=2
RTC.Hours_A-Alarm\ A=2
RTC.Hours_B-Alarm\ B=2
RTC.IPParameters=Alarm-Alarm A,Alarm_B-Alarm B,Hours,Minutes,Month,Year,Hours_A-Alarm A,Minutes_A-Alarm A,Seconds_A-Alarm A,Hours_B-Alarm B,Minutes_B-Alarm B,Seconds_B-Alarm B,WakeUpClock-WakeUp,WakeUpCounter-WakeUp,rtcSecureFull,RTC_NONSECURE_FEATURE_INIT,RTC_NONSECURE_FEATURE_ALRA,RTC_NONSECURE_FEATURE_TS,RTC_NONSECURE_FEATURE_CAL,RTC_NONSECURE_FEATURE_WUT,backupRegisterStartZone2_g,backupRegisterStartZone3_g
RTC.Minutes=20
RTC.Minutes_A-Alarm\ A=20
RTC.Minutes_B-Alarm\ B=20
RTC.Month=RTC_MONTH_SEPTEMBER
RTC.RTC_NONSECURE_FEATURE_ALRA=__NULL
RTC.RTC_NONSECURE_FEATURE_CAL=__NULL
RTC.RTC_NONSECURE_FEATURE_INIT=__NULL
RTC.RTC_NONSECURE_FEATURE_TS=__NULL
RTC.RTC_NONSECURE_FEATURE_WUT=__NULL
RTC.Seconds_A-Alarm\ A=5
RTC.Seconds_B-Alarm\ B=6
RTC.WakeUpClock-WakeUp=RTC_WAKEUPCLOCK_RTCCLK_DIV2
RTC.WakeUpCounter-WakeUp=32768/2/5
RTC.Year=19
RTC.backupRegisterStartZone2_g=10
RTC.backupRegisterStartZone3_g=20
RTC.rtcSecureFull=RTC_SECURE_FULL_NO
SYS.userName=SYS_NS
VP_GTZC_S_VS_GTZC_Enable.Mode=GTZC_Enable
VP_GTZC_S_VS_GTZC_Enable.Signal=GTZC_S_VS_GTZC_Enable
VP_ICACHE_VS_ICACHE.Mode=DirectMappedCache
VP_ICACHE_VS_ICACHE.Signal=ICACHE_VS_ICACHE
VP_ICACHE_VS_SECURE_ICACHE_REG.Mode=ICACHE_REG_Not_Secured
VP_ICACHE_VS_SECURE_ICACHE_REG.Signal=ICACHE_VS_SECURE_ICACHE_REG
VP_PWR_VS_DBSignals.Mode=DisableDeadBatterySignals
VP_PWR_VS_DBSignals.Signal=PWR_VS_DBSignals
VP_PWR_VS_LPOM.Mode=PowerOptimisation
VP_PWR_VS_LPOM.Signal=PWR_VS_LPOM
VP_PWR_VS_SECSignals.Mode=Security/Privilege
VP_PWR_VS_SECSignals.Signal=PWR_VS_SECSignals
VP_RTC_VS_RTC_Activate.Mode=RTC_Enabled
VP_RTC_VS_RTC_Activate.Signal=RTC_VS_RTC_Activate
VP_RTC_VS_RTC_Alarm_A_Intern.Mode=Alarm A
VP_RTC_VS_RTC_Alarm_A_Intern.Signal=RTC_VS_RTC_Alarm_A_Intern
VP_RTC_VS_RTC_Alarm_B_Intern.Mode=Alarm B
VP_RTC_VS_RTC_Alarm_B_Intern.Signal=RTC_VS_RTC_Alarm_B_Intern
VP_RTC_VS_RTC_Calendar.Mode=RTC_Calendar
VP_RTC_VS_RTC_Calendar.Signal=RTC_VS_RTC_Calendar
VP_RTC_VS_RTC_WakeUp_intern.Mode=WakeUp
VP_RTC_VS_RTC_WakeUp_intern.Signal=RTC_VS_RTC_WakeUp_intern
VP_SYS_S_VS_Systick.Mode=SysTick
VP_SYS_S_VS_Systick.Signal=SYS_S_VS_Systick
VP_SYS_VS_Systick.Mode=SysTick
VP_SYS_VS_Systick.Signal=SYS_VS_Systick
board=custom
ProjectManager.Example=RTC_TrustZone
ProjectManager.ExampleSource=CubeFw
