#MicroXplorer Configuration settings - do not modify
CORTEX_M33_NS.userName=CORTEX_M33
DCACHE1.DCACHE_Read_Burst_Type=DCACHE_READ_BURST_INCR
DCACHE1.IPParameters=DCACHE_Read_Burst_Type
File.Version=6
GPIO.groupedBy=
KeepUserPlacement=false
Mcu.CPN=STM32U575AII6Q
Mcu.ContextProject=TrustZoneDisabled
Mcu.Family=STM32U5
Mcu.IP0=CORTEX_M33_NS
Mcu.IP1=DCACHE1
Mcu.IP2=ICACHE
Mcu.IP3=LPBAM
Mcu.IP4=LPBAMQUEUE
Mcu.IP5=NVIC
Mcu.IP6=OCTOSPI1
Mcu.IP7=PWR
Mcu.IP8=RCC
Mcu.IP9=SYS
Mcu.IPNb=10
Mcu.Name=STM32U575AIIxQ
Mcu.Package=UFBGA169
Mcu.Pin0=PC0
Mcu.Pin1=PC1
Mcu.Pin10=PA6
Mcu.Pin11=PB1
Mcu.Pin12=VP_DCACHE1_VS_DCACHE
Mcu.Pin13=VP_ICACHE_VS_ICACHE
Mcu.Pin14=VP_LPBAMQUEUE_VS_QUEUE
Mcu.Pin15=VP_OCTOSPI1_VS_hyperbus
Mcu.Pin16=VP_PWR_VS_DBSignals
Mcu.Pin17=VP_PWR_VS_SECSignals
Mcu.Pin18=VP_PWR_VS_LPOM
Mcu.Pin19=VP_SYS_VS_Systick
Mcu.Pin2=PC2
Mcu.Pin20=VP_LPBAM_VS_SIG1
Mcu.Pin21=VP_LPBAM_VS_SIG2
Mcu.Pin22=VP_LPBAM_VS_SIG4
Mcu.Pin23=VP_LPBAM_VS_SIGPW
Mcu.Pin24=VP_LPBAM_VS_SIGPWOPT
Mcu.Pin3=PA7
Mcu.Pin4=PC3
Mcu.Pin5=PB0
Mcu.Pin6=PB2
Mcu.Pin7=PB12
Mcu.Pin8=PA2
Mcu.Pin9=PA3
Mcu.PinsNb=25
Mcu.ThirdPartyNb=0
Mcu.UserConstants=
Mcu.UserName=STM32U575AIIxQ
MxCube.Version=6.5.0
MxDb.Version=DB.6.0.50
NVIC.BusFault_IRQn=true\:0\:0\:false\:false\:true\:false\:false\:true
NVIC.DebugMonitor_IRQn=true\:0\:0\:false\:false\:true\:false\:false\:true
NVIC.ForceEnableDMAVector=true
NVIC.HardFault_IRQn=true\:0\:0\:false\:false\:true\:false\:false\:true
NVIC.MemoryManagement_IRQn=true\:0\:0\:false\:false\:true\:false\:false\:true
NVIC.NonMaskableInt_IRQn=true\:0\:0\:false\:false\:true\:false\:false\:true
NVIC.OCTOSPI1_IRQn=true\:0\:0\:false\:false\:true\:true\:true\:true
NVIC.PendSV_IRQn=true\:0\:0\:false\:false\:true\:false\:false\:true
NVIC.PriorityGroup=NVIC_PRIORITYGROUP_4
NVIC.SVCall_IRQn=true\:0\:0\:false\:false\:true\:false\:false\:true
NVIC.SysTick_IRQn=true\:15\:0\:false\:false\:true\:false\:true\:true
NVIC.UsageFault_IRQn=true\:0\:0\:false\:false\:true\:false\:false\:true
OCTOSPI1.ChipSelectBoundary=0
OCTOSPI1.ClockPrescaler=4
OCTOSPI1.DelayBlockBypass=HAL_OSPI_DELAY_BLOCK_USED
OCTOSPI1.DelayHoldQuarterCycle=HAL_OSPI_DHQC_ENABLE
OCTOSPI1.DeviceSize=23
OCTOSPI1.FifoThreshold=2
OCTOSPI1.IPParameters=FifoThreshold,DeviceSize,ClockPrescaler,DelayHoldQuarterCycle,ChipSelectBoundary,DelayBlockBypass,Units,PhaseSel
OCTOSPI1.IPParametersWithoutCheck=Units
OCTOSPI1.PhaseSel=0x2
OCTOSPI1.Units=0x38
PA2.GPIOParameters=GPIO_PuPd,GPIO_Speed_High_Default
PA2.GPIO_PuPd=GPIO_NOPULL
PA2.GPIO_Speed_High_Default=GPIO_SPEED_FREQ_HIGH
PA2.Locked=true
PA2.Mode=OCTOSPI1_Port1_NCS
PA2.Signal=OCTOSPIM_P1_NCS
PA3.GPIOParameters=GPIO_Speed_High_Default
PA3.GPIO_Speed_High_Default=GPIO_SPEED_FREQ_HIGH
PA3.Locked=true
PA3.Mode=O1_P1_CLK
PA3.Signal=OCTOSPIM_P1_CLK
PA6.GPIOParameters=GPIO_Speed_High_Default
PA6.GPIO_Speed_High_Default=GPIO_SPEED_FREQ_HIGH
PA6.Locked=true
PA6.Mode=OCTOSPI1_IOL_Port1L
PA6.Signal=OCTOSPIM_P1_IO3
PA7.GPIOParameters=GPIO_Speed_High_Default
PA7.GPIO_Speed_High_Default=GPIO_SPEED_FREQ_HIGH
PA7.Locked=true
PA7.Mode=OCTOSPI1_IOL_Port1L
PA7.Signal=OCTOSPIM_P1_IO2
PB0.GPIOParameters=GPIO_Speed_High_Default
PB0.GPIO_Speed_High_Default=GPIO_SPEED_FREQ_HIGH
PB0.Locked=true
PB0.Mode=OCTOSPI1_IOL_Port1L
PB0.Signal=OCTOSPIM_P1_IO1
PB1.GPIOParameters=GPIO_Speed_High_Default
PB1.GPIO_Speed_High_Default=GPIO_SPEED_FREQ_HIGH
PB1.Locked=true
PB1.Mode=OCTOSPI1_IOL_Port1L
PB1.Signal=OCTOSPIM_P1_IO0
PB12.GPIOParameters=GPIO_PuPd,GPIO_Speed_High_Default
PB12.GPIO_PuPd=GPIO_NOPULL
PB12.GPIO_Speed_High_Default=GPIO_SPEED_FREQ_HIGH
PB12.Locked=true
PB12.Mode=OCTOSPI1_Port1_NCLK
PB12.Signal=OCTOSPIM_P1_NCLK
PB2.GPIOParameters=GPIO_PuPd,GPIO_Speed_High_Default
PB2.GPIO_PuPd=GPIO_NOPULL
PB2.GPIO_Speed_High_Default=GPIO_SPEED_FREQ_HIGH
PB2.Locked=true
PB2.Mode=OCTOSPI1_Port1_DQS
PB2.Signal=OCTOSPIM_P1_DQS
PC0.GPIOParameters=GPIO_Speed_High_Default
PC0.GPIO_Speed_High_Default=GPIO_SPEED_FREQ_HIGH
PC0.Locked=true
PC0.Mode=OCTOSPI1_IOH_Port1H
PC0.Signal=OCTOSPIM_P1_IO7
PC1.GPIOParameters=GPIO_Speed_High_Default
PC1.GPIO_Speed_High_Default=GPIO_SPEED_FREQ_HIGH
PC1.Locked=true
PC1.Mode=OCTOSPI1_IOH_Port1H
PC1.Signal=OCTOSPIM_P1_IO4
PC2.GPIOParameters=GPIO_Speed_High_Default
PC2.GPIO_Speed_High_Default=GPIO_SPEED_FREQ_HIGH
PC2.Locked=true
PC2.Mode=OCTOSPI1_IOH_Port1H
PC2.Signal=OCTOSPIM_P1_IO5
PC3.GPIOParameters=GPIO_Speed_High_Default
PC3.GPIO_Speed_High_Default=GPIO_SPEED_FREQ_HIGH
PC3.Locked=true
PC3.Mode=OCTOSPI1_IOH_Port1H
PC3.Signal=OCTOSPIM_P1_IO6
PWR.IPParameters=PowerMode
PWR.PowerMode=PWR_SMPS_SUPPLY
PinOutPanel.CurrentBGAView=Top
PinOutPanel.RotationAngle=0
ProjectManager.AskForMigrate=true
ProjectManager.BackupPrevious=false
ProjectManager.CompilerOptimize=6
ProjectManager.ComputerToolchain=false
ProjectManager.CoupleFile=false
ProjectManager.DeletePrevious=true
ProjectManager.DeviceId=STM32U575AIIxQ
ProjectManager.FreePins=false
ProjectManager.HalAssertFull=false
ProjectManager.HeapSize=0x1000
ProjectManager.KeepUserCode=true
ProjectManager.LPBAM.generateCode=
ProjectManager.LastFirmware=true
ProjectManager.LibraryCopy=2
ProjectManager.MainLocation=Src
ProjectManager.NoMain=false
ProjectManager.PreviousToolchain=
ProjectManager.ProjectBuild=false
ProjectManager.ProjectFileName=OSPI_HyperRAM_ReadWrite_IT.ioc
ProjectManager.ProjectName=OSPI_HyperRAM_ReadWrite_IT
ProjectManager.RegisterCallBack=
ProjectManager.StackSize=0x400
ProjectManager.TargetToolchain=EWARM V8.50
ProjectManager.ToolChainLocation=
ProjectManager.UnderRoot=false
ProjectManager.functionlistsort=1-SystemClock_Config-RCC-false-HAL-false,2-MX_ICACHE_Init-ICACHE-false-HAL-true,3-MX_DCACHE1_Init-DCACHE1-false-HAL-true,4-MX_GPIO_Init-GPIO-false-HAL-true,5-MX_OCTOSPI1_Init-OCTOSPI1-false-HAL-true,0-MX_CORTEX_M33_NS_Init-CORTEX_M33_NS-false-HAL-true,0-MX_PWR_Init-PWR-false-HAL-true
RCC.ADCFreq_Value=16000000
RCC.ADF1Freq_Value=160000000
RCC.AHBFreq_Value=160000000
RCC.APB1Freq_Value=160000000
RCC.APB1TimFreq_Value=160000000
RCC.APB2Freq_Value=160000000
RCC.APB2TimFreq_Value=160000000
RCC.APB3Freq_Value=160000000
RCC.CK48Freq_Value=48000000
RCC.CRSFreq_Value=48000000
RCC.CortexFreq_Value=160000000
RCC.DACCLockSelectionVirtual=RCC_DAC1CLKSOURCE_LSI
RCC.DACCLockSelectionVirtualString=RCC_DAC1CLKSOURCE_LSI
RCC.DACFreq_Value=32000
RCC.EPOD_VALUE=4000000
RCC.FCLKCortexFreq_Value=160000000
RCC.FDCANFreq_Value=160000000
RCC.FamilyName=M
RCC.HCLKFreq_Value=160000000
RCC.HSE_VALUE=16000000
RCC.HSI48_VALUE=48000000
RCC.HSI_VALUE=16000000
RCC.I2C1Freq_Value=160000000
RCC.I2C2Freq_Value=160000000
RCC.I2C3Freq_Value=160000000
RCC.I2C4Freq_Value=160000000
RCC.IPParameters=ADCFreq_Value,ADF1Freq_Value,AHBFreq_Value,APB1Freq_Value,APB1TimFreq_Value,APB2Freq_Value,APB2TimFreq_Value,APB3Freq_Value,CK48Freq_Value,CRSFreq_Value,CortexFreq_Value,DACCLockSelectionVirtual,DACCLockSelectionVirtualString,DACFreq_Value,EPOD_VALUE,FCLKCortexFreq_Value,FDCANFreq_Value,FamilyName,HCLKFreq_Value,HSE_VALUE,HSI48_VALUE,HSI_VALUE,I2C1Freq_Value,I2C2Freq_Value,I2C3Freq_Value,I2C4Freq_Value,LPTIM2Freq_Value,LPUART1Freq_Value,LSCOPinFreq_Value,LSE_VALUE,LSIDIV_VALUE,LSI_VALUE,MCO1PinFreq_Value,MDF1Freq_Value,MSI_VALUE,OCTOSPIMFreq_Value,PLL2PoutputFreq_Value,PLL2QoutputFreq_Value,PLL2RoutputFreq_Value,PLL3PoutputFreq_Value,PLL3QoutputFreq_Value,PLL3RoutputFreq_Value,PLLN,PLLPoutputFreq_Value,PLLQoutputFreq_Value,PLLRCLKFreq_Value,RNGFreq_Value,SAI1Freq_Value,SAI2Freq_Value,SDMMCFreq_Value,SPI1Freq_Value,SPI2Freq_Value,SPI3Freq_Value,SYSCLKFreq_VALUE,SYSCLKSource,UART4Freq_Value,UART5Freq_Value,USART1Freq_Value,USART2Freq_Value,USART3Freq_Value,USBFreq_Value,VCOInput2Freq_Value,VCOInput3Freq_Value,VCOInputFreq_Value,VCOOutputFreq_Value,VCOPLL2OutputFreq_Value,VCOPLL3OutputFreq_Value
RCC.LPTIM2Freq_Value=160000000
RCC.LPUART1Freq_Value=160000000
RCC.LSCOPinFreq_Value=32000
RCC.LSE_VALUE=32768
RCC.LSIDIV_VALUE=32000
RCC.LSI_VALUE=32000
RCC.MCO1PinFreq_Value=160000000
RCC.MDF1Freq_Value=160000000
RCC.MSI_VALUE=4000000
RCC.OCTOSPIMFreq_Value=160000000
RCC.PLL2PoutputFreq_Value=258000000
RCC.PLL2QoutputFreq_Value=258000000
RCC.PLL2RoutputFreq_Value=258000000
RCC.PLL3PoutputFreq_Value=258000000
RCC.PLL3QoutputFreq_Value=258000000
RCC.PLL3RoutputFreq_Value=258000000
RCC.PLLN=80
RCC.PLLPoutputFreq_Value=160000000
RCC.PLLQoutputFreq_Value=160000000
RCC.PLLRCLKFreq_Value=160000000
RCC.RNGFreq_Value=48000000
RCC.SAI1Freq_Value=258000000
RCC.SAI2Freq_Value=258000000
RCC.SDMMCFreq_Value=160000000
RCC.SPI1Freq_Value=160000000
RCC.SPI2Freq_Value=160000000
RCC.SPI3Freq_Value=160000000
RCC.SYSCLKFreq_VALUE=160000000
RCC.SYSCLKSource=RCC_SYSCLKSOURCE_PLLCLK
RCC.UART4Freq_Value=160000000
RCC.UART5Freq_Value=160000000
RCC.USART1Freq_Value=160000000
RCC.USART2Freq_Value=160000000
RCC.USART3Freq_Value=160000000
RCC.USBFreq_Value=48000000
RCC.VCOInput2Freq_Value=4000000
RCC.VCOInput3Freq_Value=4000000
RCC.VCOInputFreq_Value=4000000
RCC.VCOOutputFreq_Value=320000000
RCC.VCOPLL2OutputFreq_Value=516000000
RCC.VCOPLL3OutputFreq_Value=516000000
VP_DCACHE1_VS_DCACHE.Mode=DCACHE_Activate
VP_DCACHE1_VS_DCACHE.Signal=DCACHE1_VS_DCACHE
VP_ICACHE_VS_ICACHE.Mode=DirectMappedCache
VP_ICACHE_VS_ICACHE.Signal=ICACHE_VS_ICACHE
VP_LPBAMQUEUE_VS_QUEUE.Mode=QUEUEMODE
VP_LPBAMQUEUE_VS_QUEUE.Signal=LPBAMQUEUE_VS_QUEUE
VP_LPBAM_VS_SIG1.Mode=SmartRun
VP_LPBAM_VS_SIG1.Signal=LPBAM_VS_SIG1
VP_LPBAM_VS_SIG2.Signal=LPBAM_VS_SIG2
VP_LPBAM_VS_SIG4.Mode=LPDMA1
VP_LPBAM_VS_SIG4.Signal=LPBAM_VS_SIG4
VP_LPBAM_VS_SIGPW.Signal=LPBAM_VS_SIGPW
VP_LPBAM_VS_SIGPWOPT.Signal=LPBAM_VS_SIGPWOPT
VP_OCTOSPI1_VS_hyperbus.Mode=hyperbus_mode
VP_OCTOSPI1_VS_hyperbus.Signal=OCTOSPI1_VS_hyperbus
VP_PWR_VS_DBSignals.Mode=DisableDeadBatterySignals
VP_PWR_VS_DBSignals.Signal=PWR_VS_DBSignals
VP_PWR_VS_LPOM.Mode=PowerOptimisation
VP_PWR_VS_LPOM.Signal=PWR_VS_LPOM
VP_PWR_VS_SECSignals.Mode=Security/Privilege
VP_PWR_VS_SECSignals.Signal=PWR_VS_SECSignals
VP_SYS_VS_Systick.Mode=SysTick
VP_SYS_VS_Systick.Signal=SYS_VS_Systick
board=custom
ProjectManager.Example=OSPI_HyperRAM_ReadWrite_IT
ProjectManager.ExampleSource=CubeFw
