#MicroXplorer Configuration settings - do not modify
CORTEX_M33_NS.userName=CORTEX_M33
FILEX.FX_APP_MEM_POOL_SIZE=2*1024 
FILEX.FX_LX_NOR_INTERFACE=1
FILEX.IPParameters=useRTOS,FX_LX_NOR_INTERFACE,FX_APP_MEM_POOL_SIZE
FILEX.useRTOS=1
File.Version=6
GPDMA1.IPHANDLE_GPDMACH0-SIMPLEREQUEST_GPDMACH0=__NULL
GPDMA1.IPParameters=RECAP_GPDMACH0,IPHANDLE_GPDMACH0-SIMPLEREQUEST_GPDMACH0,REQUEST_GPDMACH0,SRCINC_GPDMACH0
GPDMA1.RECAP_GPDMACH0=GPDMA1_REQUEST_OCTOSPI2
GPDMA1.REQUEST_GPDMACH0=GPDMA1_REQUEST_OCTOSPI2
GPDMA1.SRCINC_GPDMACH0=DMA_SINC_INCREMENTED
GPIO.groupedBy=Group By Peripherals
KeepUserPlacement=false
LEVELX.GLUE_FUNCTIONS=DMA_API
LEVELX.IPParameters=LX_NOR_Flash_Support,LX_OctoSPI_Memory_Interface,LX_DRIVER_ERASES_OSPI_AFTER_INIT,LX_DRIVER_CALLS_OSPI_INIT,GLUE_FUNCTIONS,TRANSFER_NOTIFICATION
LEVELX.LX_DRIVER_CALLS_OSPI_INIT=1
LEVELX.LX_DRIVER_ERASES_OSPI_AFTER_INIT=0
LEVELX.LX_NOR_Flash_Support=1
LEVELX.LX_OctoSPI_Memory_Interface=1
LEVELX.TRANSFER_NOTIFICATION=ThreadX_Semaphore
LevelX.BSP.number=1
LevelX0.BSP.STBoard=false
LevelX0.BSP.api=BSP_COMPONENT_DRIVER
LevelX0.BSP.component=MX25LM51245G
LevelX0.BSP.condition=
LevelX0.BSP.i2caddr=0
LevelX0.BSP.i2creg=
LevelX0.BSP.instance=MX25LM51245G
LevelX0.BSP.ip=
LevelX0.BSP.mode=
LevelX0.BSP.name=OSPI Component
LevelX0.BSP.semaphore=SEMA_MX25LM51245G
LevelX0.BSP.solution=MX25LM51245G
Mcu.ContextProject=TrustZoneDisabled
Mcu.Family=STM32U5
Mcu.IP0=CORTEX_M33_NS
Mcu.IP1=DCACHE1
Mcu.IP10=OCTOSPI2
Mcu.IP11=PWR
Mcu.IP12=RCC
Mcu.IP13=SPI2
Mcu.IP14=SYS
Mcu.IP15=THREADX
Mcu.IP16=USART1
Mcu.IP2=FILEX
Mcu.IP3=GPDMA1
Mcu.IP4=ICACHE
Mcu.IP5=LEVELX
Mcu.IP6=LPBAM
Mcu.IP7=LPBAMQUEUE
Mcu.IP8=NETXDUO
Mcu.IP9=NVIC
Mcu.IPNb=17
Mcu.Name=STM32U585AIIx
Mcu.Package=UFBGA169
Mcu.Pin0=PG15
Mcu.Pin1=PI5
Mcu.Pin10=PF2
Mcu.Pin11=PD1
Mcu.Pin12=PA10
Mcu.Pin13=PF3
Mcu.Pin14=PF4
Mcu.Pin15=PA9
Mcu.Pin16=PD14
Mcu.Pin17=PF12
Mcu.Pin18=PB12
Mcu.Pin19=PF15
Mcu.Pin2=PH12
Mcu.Pin20=VP_DCACHE1_VS_DCACHE
Mcu.Pin21=VP_FILEX_VS_FileOoSystemJjFileXJjCore
Mcu.Pin22=VP_FILEX_VS_LevelXOoNOROointerface
Mcu.Pin23=VP_GPDMA1_VS_GPDMACH0
Mcu.Pin24=VP_ICACHE_VS_ICACHE
Mcu.Pin25=VP_LEVELX_VS_FileOoSystemJjLevelXJjNOR
Mcu.Pin26=VP_LEVELX_VS_OctoSPIOomemoryOointerface
Mcu.Pin27=VP_LPBAMQUEUE_VS_QUEUE
Mcu.Pin28=VP_NETXDUO_VS_NXOoCore
Mcu.Pin29=VP_NETXDUO_VS_AddonsOoDHCP
Mcu.Pin3=PD4
Mcu.Pin30=VP_NETXDUO_VS_AddonsOoWebOoServer
Mcu.Pin31=VP_OCTOSPI2_VS_octo
Mcu.Pin32=VP_PWR_VS_DBSignals
Mcu.Pin33=VP_PWR_VS_SECSignals
Mcu.Pin34=VP_PWR_VS_LPOM
Mcu.Pin35=VP_SYS_VS_tim6
Mcu.Pin36=VP_THREADX_VS_RTOSJjThreadXJjCoreJjDefault
Mcu.Pin37=VP_THREADX_VS_RTOSJjThreadXJjPerformance_InfoJjDefault
Mcu.Pin38=VP_LPBAM_VS_SIG1
Mcu.Pin39=VP_LPBAM_VS_SIG2
Mcu.Pin4=PH10
Mcu.Pin40=VP_LPBAM_VS_SIG4
Mcu.Pin41=VP_LPBAM_VS_SIGPW
Mcu.Pin42=VP_LPBAM_VS_SIGPWOPT
Mcu.Pin5=PD3
Mcu.Pin6=PH11
Mcu.Pin7=PF0
Mcu.Pin8=PH9
Mcu.Pin9=PF1
Mcu.PinsNb=43
Mcu.ThirdPartyNb=0
Mcu.UserConstants=
Mcu.UserName=STM32U585AIIx
MxCube.Version=6.5.0
MxDb.Version=DB.6.0.50
NETXDUO.IPParameters=NX_PHYSICAL_HEADER,NX_APP_MEM_POOL_SIZE,NX_DRIVER_DEFERRED_PROCESSING,NX_WEB_HTTP_NO_FILEX
NETXDUO.NX_APP_MEM_POOL_SIZE=100*1024
NETXDUO.NX_DRIVER_DEFERRED_PROCESSING=true
NETXDUO.NX_PHYSICAL_HEADER=44
NETXDUO.NX_WEB_HTTP_NO_FILEX=false
NVIC.BusFault_IRQn=true\:0\:0\:false\:false\:true\:false\:false\:false\:true
NVIC.DebugMonitor_IRQn=true\:0\:0\:false\:false\:true\:false\:false\:false\:true
NVIC.EXTI14_IRQn=true\:5\:0\:true\:false\:true\:false\:false\:true\:true
NVIC.EXTI15_IRQn=true\:5\:0\:true\:false\:true\:false\:false\:true\:true
NVIC.ForceEnableDMAVector=true
NVIC.GPDMA1_Channel0_IRQn=true\:0\:0\:false\:false\:true\:true\:false\:true\:true
NVIC.HardFault_IRQn=true\:0\:0\:false\:false\:true\:false\:false\:false\:true
NVIC.MemoryManagement_IRQn=true\:0\:0\:false\:false\:true\:false\:false\:false\:true
NVIC.NonMaskableInt_IRQn=true\:0\:0\:false\:false\:true\:false\:false\:false\:true
NVIC.OCTOSPI2_IRQn=true\:0\:0\:false\:false\:true\:false\:true\:true\:true
NVIC.PendSV_IRQn=true\:0\:0\:false\:false\:false\:false\:false\:false\:true
NVIC.PriorityGroup=NVIC_PRIORITYGROUP_4
NVIC.SVCall_IRQn=true\:0\:0\:false\:false\:false\:false\:false\:false\:true
NVIC.SavedPendsvIrqHandlerGenerated=false
NVIC.SavedSvcallIrqHandlerGenerated=false
NVIC.SavedSystickIrqHandlerGenerated=false
NVIC.SysTick_IRQn=true\:0\:0\:false\:false\:false\:false\:false\:false\:true
NVIC.TIM6_IRQn=true\:15\:0\:false\:false\:true\:false\:false\:true\:true
NVIC.TimeBase=TIM6_IRQn
NVIC.TimeBaseIP=TIM6
NVIC.USART1_IRQn=true\:5\:0\:true\:false\:true\:false\:false\:true\:true
NVIC.UsageFault_IRQn=true\:0\:0\:false\:false\:true\:false\:false\:false\:true
OCTOSPI2.ChipSelectHighTime=2
OCTOSPI2.ClockPrescaler=4
OCTOSPI2.DelayBlockBypass=HAL_OSPI_DELAY_BLOCK_USED
OCTOSPI2.DelayHoldQuarterCycle=HAL_OSPI_DHQC_ENABLE
OCTOSPI2.DeviceSize=26
OCTOSPI2.FifoThreshold=4
OCTOSPI2.IPParameters=FifoThreshold,DeviceSize,ChipSelectHighTime,ClockPrescaler,DelayHoldQuarterCycle,DelayBlockBypass,Units,PhaseSel,MemoryType
OCTOSPI2.MemoryType=HAL_OSPI_MEMTYPE_MACRONIX
OCTOSPI2.PhaseSel=2
OCTOSPI2.Units=56
PA10.Locked=true
PA10.Mode=Asynchronous
PA10.Signal=USART1_RX
PA9.Locked=true
PA9.Mode=Asynchronous
PA9.Signal=USART1_TX
PB12.GPIOParameters=GPIO_Speed,PinState,GPIO_Label
PB12.GPIO_Label=MXCHIP_NSS
PB12.GPIO_Speed=GPIO_SPEED_FREQ_HIGH
PB12.Locked=true
PB12.PinState=GPIO_PIN_SET
PB12.Signal=GPIO_Output
PD1.GPIOParameters=GPIO_Speed,GPIO_PuPd,GPIO_Mode
PD1.GPIO_Mode=GPIO_MODE_AF_PP
PD1.GPIO_PuPd=GPIO_NOPULL
PD1.GPIO_Speed=GPIO_SPEED_FREQ_LOW
PD1.Locked=true
PD1.Mode=Full_Duplex_Master
PD1.Signal=SPI2_SCK
PD14.GPIOParameters=GPIO_Label
PD14.GPIO_Label=MXCHIP_NOTIFY
PD14.Locked=true
PD14.Signal=GPXTI14
PD3.GPIOParameters=GPIO_Speed,GPIO_PuPd,GPIO_Mode
PD3.GPIO_Mode=GPIO_MODE_AF_PP
PD3.GPIO_PuPd=GPIO_NOPULL
PD3.GPIO_Speed=GPIO_SPEED_FREQ_LOW
PD3.Mode=Full_Duplex_Master
PD3.Signal=SPI2_MISO
PD4.GPIOParameters=GPIO_Speed,GPIO_PuPd,GPIO_Mode
PD4.GPIO_Mode=GPIO_MODE_AF_PP
PD4.GPIO_PuPd=GPIO_NOPULL
PD4.GPIO_Speed=GPIO_SPEED_FREQ_LOW
PD4.Mode=Full_Duplex_Master
PD4.Signal=SPI2_MOSI
PF0.Locked=true
PF0.Mode=OCTOSPI2_IOL_Port2L
PF0.Signal=OCTOSPIM_P2_IO0
PF1.Locked=true
PF1.Mode=OCTOSPI2_IOL_Port2L
PF1.Signal=OCTOSPIM_P2_IO1
PF12.GPIOParameters=GPIO_PuPd
PF12.GPIO_PuPd=GPIO_NOPULL
PF12.Locked=true
PF12.Mode=OCTOSPI2_Port2_DQS
PF12.Signal=OCTOSPIM_P2_DQS
PF15.GPIOParameters=GPIO_Speed,GPIO_Label
PF15.GPIO_Label=MXCHIP_RESET
PF15.GPIO_Speed=GPIO_SPEED_FREQ_HIGH
PF15.Locked=true
PF15.Signal=GPIO_Output
PF2.Locked=true
PF2.Mode=OCTOSPI2_IOL_Port2L
PF2.Signal=OCTOSPIM_P2_IO2
PF3.Locked=true
PF3.Mode=OCTOSPI2_IOL_Port2L
PF3.Signal=OCTOSPIM_P2_IO3
PF4.Locked=true
PF4.Mode=O2_P2_CLK
PF4.Signal=OCTOSPIM_P2_CLK
PG15.GPIOParameters=GPIO_Label
PG15.GPIO_Label=MXCHIP_FLOW
PG15.Locked=true
PG15.Signal=GPXTI15
PH10.Mode=OCTOSPI2_IOH_Port2H
PH10.Signal=OCTOSPIM_P2_IO5
PH11.Locked=true
PH11.Mode=OCTOSPI2_IOH_Port2H
PH11.Signal=OCTOSPIM_P2_IO6
PH12.Mode=OCTOSPI2_IOH_Port2H
PH12.Signal=OCTOSPIM_P2_IO7
PH9.Mode=OCTOSPI2_IOH_Port2H
PH9.Signal=OCTOSPIM_P2_IO4
PI5.GPIOParameters=GPIO_PuPd
PI5.GPIO_PuPd=GPIO_NOPULL
PI5.Mode=OCTOSPI2_Port2_NCS
PI5.Signal=OCTOSPIM_P2_NCS
PWR.IPParameters=PowerMode
PWR.PowerMode=PWR_SMPS_SUPPLY
PinOutPanel.CurrentBGAView=Top
PinOutPanel.RotationAngle=0
ProjectManager.AskForMigrate=true
ProjectManager.BackupPrevious=false
ProjectManager.CompilerOptimize=6
ProjectManager.ComputerToolchain=false
ProjectManager.CoupleFile=false
ProjectManager.DeletePrevious=true
ProjectManager.DeviceId=STM32U585AIIx
ProjectManager.FreePins=false
ProjectManager.HalAssertFull=false
ProjectManager.HeapSize=0x200
ProjectManager.KeepUserCode=true
ProjectManager.LPBAM.generateCode=
ProjectManager.LastFirmware=true
ProjectManager.LibraryCopy=2
ProjectManager.MainLocation=Core/Src
ProjectManager.NoMain=false
ProjectManager.PreviousToolchain=
ProjectManager.ProjectBuild=false
ProjectManager.ProjectFileName=Nx_WebServer.ioc
ProjectManager.ProjectName=Nx_WebServer
ProjectManager.RegisterCallBack=
ProjectManager.StackSize=0x400
ProjectManager.TargetToolchain=EWARM V8.32
ProjectManager.ToolChainLocation=
ProjectManager.UnderRoot=false
ProjectManager.functionlistsort=1-MX_GPIO_Init-GPIO-false-HAL-true,2-SystemClock_Config-RCC-false-HAL-false,3-MX_ICACHE_Init-ICACHE-false-HAL-true,4-MX_SPI2_Init-SPI2-false-HAL-true,5-MX_USART1_UART_Init-USART1-false-HAL-true,6-MX_NetXDuo_Init-NETXDUO-true-HAL-false,7-MX_DCACHE1_Init-DCACHE1-false-HAL-true,8-MX_OCTOSPI2_Init-OCTOSPI2-true-HAL-false,9-MX_FileX_Init-FILEX-false-HAL-false,10-MX_GPDMA1_Init-GPDMA1-false-HAL-true,11-MX_LevelX_Init-LEVELX-false-HAL-false,0-MX_CORTEX_M33_NS_Init-CORTEX_M33_NS-false-HAL-true,0-MX_PWR_Init-PWR-false-HAL-true
RCC.ADCFreq_Value=16000000
RCC.ADF1Freq_Value=160000000
RCC.AHBFreq_Value=160000000
RCC.APB1Freq_Value=160000000
RCC.APB1TimFreq_Value=160000000
RCC.APB2Freq_Value=160000000
RCC.APB2TimFreq_Value=160000000
RCC.APB3Freq_Value=160000000
RCC.CK48Freq_Value=48000000
RCC.CRSFreq_Value=48000000
RCC.CortexFreq_Value=160000000
RCC.DACCLockSelectionVirtual=RCC_DAC1CLKSOURCE_LSI
RCC.DACCLockSelectionVirtualString=RCC_DAC1CLKSOURCE_LSI
RCC.DACFreq_Value=32000
RCC.EPOD_VALUE=16000000
RCC.FCLKCortexFreq_Value=160000000
RCC.FDCANFreq_Value=80000000
RCC.FamilyName=M
RCC.HCLKFreq_Value=160000000
RCC.HSE_VALUE=16000000
RCC.HSI48_VALUE=48000000
RCC.HSI_VALUE=16000000
RCC.I2C1Freq_Value=160000000
RCC.I2C2Freq_Value=160000000
RCC.I2C3Freq_Value=160000000
RCC.I2C4Freq_Value=160000000
RCC.IPParameters=ADCFreq_Value,ADF1Freq_Value,AHBFreq_Value,APB1Freq_Value,APB1TimFreq_Value,APB2Freq_Value,APB2TimFreq_Value,APB3Freq_Value,CK48Freq_Value,CRSFreq_Value,CortexFreq_Value,DACCLockSelectionVirtual,DACCLockSelectionVirtualString,DACFreq_Value,EPOD_VALUE,FCLKCortexFreq_Value,FDCANFreq_Value,FamilyName,HCLKFreq_Value,HSE_VALUE,HSI48_VALUE,HSI_VALUE,I2C1Freq_Value,I2C2Freq_Value,I2C3Freq_Value,I2C4Freq_Value,LPTIM2Freq_Value,LPUART1Freq_Value,LSCOPinFreq_Value,LSE_VALUE,LSIDIV_VALUE,LSI_VALUE,MCO1PinFreq_Value,MDF1Freq_Value,MSIClockRange,MSI_VALUE,OCTOSPIMFreq_Value,PLL1R,PLL2PoutputFreq_Value,PLL2QoutputFreq_Value,PLL2RoutputFreq_Value,PLL3PoutputFreq_Value,PLL3QoutputFreq_Value,PLL3RoutputFreq_Value,PLLN,PLLPoutputFreq_Value,PLLQoutputFreq_Value,PLLRCLKFreq_Value,PLLSourceVirtual,PWRFreq_Value,RNGFreq_Value,SAESFreq_Value,SAI1Freq_Value,SAI2Freq_Value,SDMMCFreq_Value,SPI1Freq_Value,SPI2CLockSelection,SPI2Freq_Value,SPI3Freq_Value,SYSCLKFreq_VALUE,SYSCLKSource,UART4Freq_Value,UART5Freq_Value,USART1Freq_Value,USART2Freq_Value,USART3Freq_Value,USBFreq_Value,VCOInput2Freq_Value,VCOInput3Freq_Value,VCOInputFreq_Value,VCOOutputFreq_Value,VCOPLL2OutputFreq_Value,VCOPLL3OutputFreq_Value
RCC.LPTIM2Freq_Value=160000000
RCC.LPUART1Freq_Value=160000000
RCC.LSCOPinFreq_Value=32000
RCC.LSE_VALUE=32768
RCC.LSIDIV_VALUE=32000
RCC.LSI_VALUE=32000
RCC.MCO1PinFreq_Value=160000000
RCC.MDF1Freq_Value=160000000
RCC.MSIClockRange=RCC_MSIRANGE_0
RCC.MSI_VALUE=48000000
RCC.OCTOSPIMFreq_Value=160000000
RCC.PLL1R=1
RCC.PLL2PoutputFreq_Value=3096000000
RCC.PLL2QoutputFreq_Value=3096000000
RCC.PLL2RoutputFreq_Value=3096000000
RCC.PLL3PoutputFreq_Value=3096000000
RCC.PLL3QoutputFreq_Value=3096000000
RCC.PLL3RoutputFreq_Value=3096000000
RCC.PLLN=10
RCC.PLLPoutputFreq_Value=80000000
RCC.PLLQoutputFreq_Value=80000000
RCC.PLLRCLKFreq_Value=160000000
RCC.PLLSourceVirtual=RCC_PLLSOURCE_HSI
RCC.PWRFreq_Value=160000000
RCC.RNGFreq_Value=48000000
RCC.SAESFreq_Value=16000000
RCC.SAI1Freq_Value=3096000000
RCC.SAI2Freq_Value=3096000000
RCC.SDMMCFreq_Value=80000000
RCC.SPI1Freq_Value=160000000
RCC.SPI2CLockSelection=RCC_SPI2CLKSOURCE_PCLK1
RCC.SPI2Freq_Value=160000000
RCC.SPI3Freq_Value=160000000
RCC.SYSCLKFreq_VALUE=160000000
RCC.SYSCLKSource=RCC_SYSCLKSOURCE_PLLCLK
RCC.UART4Freq_Value=160000000
RCC.UART5Freq_Value=160000000
RCC.USART1Freq_Value=160000000
RCC.USART2Freq_Value=160000000
RCC.USART3Freq_Value=160000000
RCC.USBFreq_Value=48000000
RCC.VCOInput2Freq_Value=48000000
RCC.VCOInput3Freq_Value=48000000
RCC.VCOInputFreq_Value=16000000
RCC.VCOOutputFreq_Value=160000000
RCC.VCOPLL2OutputFreq_Value=6192000000
RCC.VCOPLL3OutputFreq_Value=6192000000
SH.GPXTI14.0=GPIO_EXTI14
SH.GPXTI14.ConfNb=1
SH.GPXTI15.0=GPIO_EXTI15
SH.GPXTI15.ConfNb=1
SPI2.BaudRatePrescaler=SPI_BAUDRATEPRESCALER_8
SPI2.CalculateBaudRate=20.0 MBits/s
SPI2.DataSize=SPI_DATASIZE_8BIT
SPI2.Direction=SPI_DIRECTION_2LINES
SPI2.IPParameters=VirtualType,Mode,Direction,CalculateBaudRate,DataSize,BaudRatePrescaler,NSSPMode
SPI2.Mode=SPI_MODE_MASTER
SPI2.NSSPMode=SPI_NSS_PULSE_DISABLE
SPI2.VirtualType=VM_MASTER
THREADX.IPParameters=TX_THREAD_ENABLE_PERFORMANCE_INFO
THREADX.TX_THREAD_ENABLE_PERFORMANCE_INFO=1
USART1.IPParameters=VirtualMode-Asynchronous
USART1.VirtualMode-Asynchronous=VM_ASYNC
VP_DCACHE1_VS_DCACHE.Mode=DCACHE_Activate
VP_DCACHE1_VS_DCACHE.Signal=DCACHE1_VS_DCACHE
VP_FILEX_VS_FileOoSystemJjFileXJjCore.Mode=FileX_Core
VP_FILEX_VS_FileOoSystemJjFileXJjCore.Signal=FILEX_VS_FileOoSystemJjFileXJjCore
VP_FILEX_VS_LevelXOoNOROointerface.Mode=LevelX_NOR_interface
VP_FILEX_VS_LevelXOoNOROointerface.Signal=FILEX_VS_LevelXOoNOROointerface
VP_GPDMA1_VS_GPDMACH0.Mode=SIMPLEREQUEST_GPDMACH0
VP_GPDMA1_VS_GPDMACH0.Signal=GPDMA1_VS_GPDMACH0
VP_ICACHE_VS_ICACHE.Mode=DirectMappedCache
VP_ICACHE_VS_ICACHE.Signal=ICACHE_VS_ICACHE
VP_LEVELX_VS_FileOoSystemJjLevelXJjNOR.Mode=LevelX_NOR_Flash_Support
VP_LEVELX_VS_FileOoSystemJjLevelXJjNOR.Signal=LEVELX_VS_FileOoSystemJjLevelXJjNOR
VP_LEVELX_VS_OctoSPIOomemoryOointerface.Mode=OctoSPI_memory_interface
VP_LEVELX_VS_OctoSPIOomemoryOointerface.Signal=LEVELX_VS_OctoSPIOomemoryOointerface
VP_LPBAMQUEUE_VS_QUEUE.Mode=QUEUEMODE
VP_LPBAMQUEUE_VS_QUEUE.Signal=LPBAMQUEUE_VS_QUEUE
VP_LPBAM_VS_SIG1.Mode=SmartRun
VP_LPBAM_VS_SIG1.Signal=LPBAM_VS_SIG1
VP_LPBAM_VS_SIG2.Mode=RunToSTOP2
VP_LPBAM_VS_SIG2.Signal=LPBAM_VS_SIG2
VP_LPBAM_VS_SIG4.Mode=LPDMA1
VP_LPBAM_VS_SIG4.Signal=LPBAM_VS_SIG4
VP_LPBAM_VS_SIGPW.Mode=LowPowerModeOFF
VP_LPBAM_VS_SIGPW.Signal=LPBAM_VS_SIGPW
VP_LPBAM_VS_SIGPWOPT.Mode=ENABLE
VP_LPBAM_VS_SIGPWOPT.Signal=LPBAM_VS_SIGPWOPT
VP_NETXDUO_VS_AddonsOoDHCP.Mode=Addons_DHCP_Client
VP_NETXDUO_VS_AddonsOoDHCP.Signal=NETXDUO_VS_AddonsOoDHCP
VP_NETXDUO_VS_AddonsOoWebOoServer.Mode=Addons_Web_Server
VP_NETXDUO_VS_AddonsOoWebOoServer.Signal=NETXDUO_VS_AddonsOoWebOoServer
VP_NETXDUO_VS_NXOoCore.Mode=NX_Core
VP_NETXDUO_VS_NXOoCore.Signal=NETXDUO_VS_NXOoCore
VP_OCTOSPI2_VS_octo.Mode=octo_mode
VP_OCTOSPI2_VS_octo.Signal=OCTOSPI2_VS_octo
VP_PWR_VS_DBSignals.Mode=DisableDeadBatterySignals
VP_PWR_VS_DBSignals.Signal=PWR_VS_DBSignals
VP_PWR_VS_LPOM.Mode=PowerOptimisation
VP_PWR_VS_LPOM.Signal=PWR_VS_LPOM
VP_PWR_VS_SECSignals.Mode=Security/Privilege
VP_PWR_VS_SECSignals.Signal=PWR_VS_SECSignals
VP_SYS_VS_tim6.Mode=TIM6
VP_SYS_VS_tim6.Signal=SYS_VS_tim6
VP_THREADX_VS_RTOSJjThreadXJjCoreJjDefault.Mode=Core_Default
VP_THREADX_VS_RTOSJjThreadXJjCoreJjDefault.Signal=THREADX_VS_RTOSJjThreadXJjCoreJjDefault
VP_THREADX_VS_RTOSJjThreadXJjPerformance_InfoJjDefault.Mode=Performance_Default
VP_THREADX_VS_RTOSJjThreadXJjPerformance_InfoJjDefault.Signal=THREADX_VS_RTOSJjThreadXJjPerformance_InfoJjDefault
board=custom
ProjectManager.Example=Nx_WebServer
ProjectManager.ExampleSource=CubeFw
